// !$*UTF8*$!
{
	archiveVersion = 1;
	classes = {
	};
	objectVersion = 46;
	objects = {

/* Begin PBXBuildFile section */
		DA06D3DC1AFE7D5100A66EEB /* BHDrawerBackgroundView.m in Sources */ = {isa = PBXBuildFile; fileRef = DA06D3DB1AFE7D5100A66EEB /* BHDrawerBackgroundView.m */; };
		DA06D3DF1AFE802000A66EEB /* BHSearchFieldBackgroundView.m in Sources */ = {isa = PBXBuildFile; fileRef = DA06D3DE1AFE802000A66EEB /* BHSearchFieldBackgroundView.m */; };
		DA06D3E51AFE9A1F00A66EEB /* BHFacebookButton.m in Sources */ = {isa = PBXBuildFile; fileRef = DA06D3E41AFE9A1F00A66EEB /* BHFacebookButton.m */; };
		DA06D3E81AFE9BF800A66EEB /* BHNavigationBarBackgroundView.m in Sources */ = {isa = PBXBuildFile; fileRef = DA06D3E71AFE9BF800A66EEB /* BHNavigationBarBackgroundView.m */; };
		DA06D3EB1AFEC87A00A66EEB /* BHSignUpSuccessViewController.m in Sources */ = {isa = PBXBuildFile; fileRef = DA06D3EA1AFEC87A00A66EEB /* BHSignUpSuccessViewController.m */; };
		DA06D3EE1AFED0AE00A66EEB /* BHUserObject.m in Sources */ = {isa = PBXBuildFile; fileRef = DA06D3ED1AFED0AE00A66EEB /* BHUserObject.m */; };
		DA06D3F21AFEEB0B00A66EEB /* BHNoFavoritesViewController.m in Sources */ = {isa = PBXBuildFile; fileRef = DA06D3F11AFEEB0B00A66EEB /* BHNoFavoritesViewController.m */; };
		DA0C9D6F1AB4B52F00FEDC35 /* BHDeliTableViewCell.m in Sources */ = {isa = PBXBuildFile; fileRef = DA0C9D6E1AB4B52F00FEDC35 /* BHDeliTableViewCell.m */; };
		DA0C9D761AB6328000FEDC35 /* BHDeliDetailsTableViewController.m in Sources */ = {isa = PBXBuildFile; fileRef = DA0C9D751AB6328000FEDC35 /* BHDeliDetailsTableViewController.m */; };
		DA20ABA81AB124BD0036CAE8 /* BHTableView.m in Sources */ = {isa = PBXBuildFile; fileRef = DA20ABA71AB124BD0036CAE8 /* BHTableView.m */; };
		DA20ABAC1AB12D370036CAE8 /* BHDeliObject.m in Sources */ = {isa = PBXBuildFile; fileRef = DA20ABAB1AB12D370036CAE8 /* BHDeliObject.m */; };
		DA20ABAF1AB12E530036CAE8 /* libGoogleAnalyticsServices.a in Frameworks */ = {isa = PBXBuildFile; fileRef = DA20ABAE1AB12E530036CAE8 /* libGoogleAnalyticsServices.a */; };
		DA20ABBB1AB12EA10036CAE8 /* CoreData.framework in Frameworks */ = {isa = PBXBuildFile; fileRef = DA20ABBA1AB12EA10036CAE8 /* CoreData.framework */; };
		DA20ABBD1AB12EB00036CAE8 /* SystemConfiguration.framework in Frameworks */ = {isa = PBXBuildFile; fileRef = DA20ABBC1AB12EB00036CAE8 /* SystemConfiguration.framework */; };
		DA20ABBF1AB12EBC0036CAE8 /* libz.dylib in Frameworks */ = {isa = PBXBuildFile; fileRef = DA20ABBE1AB12EBC0036CAE8 /* libz.dylib */; };
		DA20ABC11AB12EC70036CAE8 /* libsqlite3.dylib in Frameworks */ = {isa = PBXBuildFile; fileRef = DA20ABC01AB12EC70036CAE8 /* libsqlite3.dylib */; };
		DA20ABC41AB133DC0036CAE8 /* BHMenuItemObject.m in Sources */ = {isa = PBXBuildFile; fileRef = DA20ABC31AB133DC0036CAE8 /* BHMenuItemObject.m */; };
		DA20ABC71AB133ED0036CAE8 /* BHTravelObject.m in Sources */ = {isa = PBXBuildFile; fileRef = DA20ABC61AB133ED0036CAE8 /* BHTravelObject.m */; };
		DA27ED3D1AA152AA00689F55 /* main.m in Sources */ = {isa = PBXBuildFile; fileRef = DA27ED3C1AA152AA00689F55 /* main.m */; };
		DA27ED401AA152AA00689F55 /* AppDelegate.m in Sources */ = {isa = PBXBuildFile; fileRef = DA27ED3F1AA152AA00689F55 /* AppDelegate.m */; };
		DA27ED431AA152AA00689F55 /* ViewController.m in Sources */ = {isa = PBXBuildFile; fileRef = DA27ED421AA152AA00689F55 /* ViewController.m */; };
		DA27ED461AA152AA00689F55 /* Main.storyboard in Resources */ = {isa = PBXBuildFile; fileRef = DA27ED441AA152AA00689F55 /* Main.storyboard */; };
		DA27ED481AA152AA00689F55 /* Images.xcassets in Resources */ = {isa = PBXBuildFile; fileRef = DA27ED471AA152AA00689F55 /* Images.xcassets */; };
		DA27ED4B1AA152AA00689F55 /* LaunchScreen.xib in Resources */ = {isa = PBXBuildFile; fileRef = DA27ED491AA152AA00689F55 /* LaunchScreen.xib */; };
		DA27ED571AA152AA00689F55 /* DeliGuideTests.m in Sources */ = {isa = PBXBuildFile; fileRef = DA27ED561AA152AA00689F55 /* DeliGuideTests.m */; };
		DA27ED891AA15E4500689F55 /* UIViewController+ECSlidingViewController.m in Sources */ = {isa = PBXBuildFile; fileRef = DA27ED7C1AA15E4500689F55 /* UIViewController+ECSlidingViewController.m */; };
		DA27ED8A1AA15E4500689F55 /* ECSlidingViewController.m in Sources */ = {isa = PBXBuildFile; fileRef = DA27ED7E1AA15E4500689F55 /* ECSlidingViewController.m */; };
		DA27ED8B1AA15E4500689F55 /* ECSlidingSegue.m in Sources */ = {isa = PBXBuildFile; fileRef = DA27ED801AA15E4500689F55 /* ECSlidingSegue.m */; };
		DA27ED8C1AA15E4500689F55 /* ECSlidingInteractiveTransition.m in Sources */ = {isa = PBXBuildFile; fileRef = DA27ED821AA15E4500689F55 /* ECSlidingInteractiveTransition.m */; };
		DA27ED8D1AA15E4500689F55 /* ECSlidingAnimationController.m in Sources */ = {isa = PBXBuildFile; fileRef = DA27ED851AA15E4500689F55 /* ECSlidingAnimationController.m */; };
		DA27ED8E1AA15E4500689F55 /* ECPercentDrivenInteractiveTransition.m in Sources */ = {isa = PBXBuildFile; fileRef = DA27ED871AA15E4500689F55 /* ECPercentDrivenInteractiveTransition.m */; };
		DA3F0A821B0D784800464800 /* BHDeliDetailDynamicHeaderButton.m in Sources */ = {isa = PBXBuildFile; fileRef = DA3F0A811B0D784800464800 /* BHDeliDetailDynamicHeaderButton.m */; };
		DA3F0A891B0D992600464800 /* UIViewController+KNSemiModal.m in Sources */ = {isa = PBXBuildFile; fileRef = DA3F0A881B0D992600464800 /* UIViewController+KNSemiModal.m */; };
		DA3F0A971B0D9AEB00464800 /* BHDeliDetailsTravelTableViewController.m in Sources */ = {isa = PBXBuildFile; fileRef = DA3F0A951B0D9AEB00464800 /* BHDeliDetailsTravelTableViewController.m */; };
		DA3F0A981B0D9AEB00464800 /* BHDeliDetailsTravelTableViewController.xib in Resources */ = {isa = PBXBuildFile; fileRef = DA3F0A961B0D9AEB00464800 /* BHDeliDetailsTravelTableViewController.xib */; };
		DA3F0A9A1B0D9B3600464800 /* QuartzCore.framework in Frameworks */ = {isa = PBXBuildFile; fileRef = DA3F0A991B0D9B3600464800 /* QuartzCore.framework */; };
		DA3F0A9F1B0D9ED500464800 /* BHTravelSelectionCell.xib in Resources */ = {isa = PBXBuildFile; fileRef = DA3F0A9E1B0D9ED500464800 /* BHTravelSelectionCell.xib */; };
		DA3F0AA21B0D9F4D00464800 /* BHTravelSelectionTableViewCell.m in Sources */ = {isa = PBXBuildFile; fileRef = DA3F0AA11B0D9F4D00464800 /* BHTravelSelectionTableViewCell.m */; };
		DA3F0AAD1B0DA89C00464800 /* PopoverView.m in Sources */ = {isa = PBXBuildFile; fileRef = DA3F0AAB1B0DA89C00464800 /* PopoverView.m */; };
		DA3F0AB21B0DA95900464800 /* BHDetailsLikeViewController.m in Sources */ = {isa = PBXBuildFile; fileRef = DA3F0AB01B0DA95900464800 /* BHDetailsLikeViewController.m */; };
		DA3F0AB31B0DA95900464800 /* BHDetailsLikeViewController.xib in Resources */ = {isa = PBXBuildFile; fileRef = DA3F0AB11B0DA95900464800 /* BHDetailsLikeViewController.xib */; };
		DA3F0AB91B0DAEB900464800 /* BHSatisfactionDislikeTableViewController.m in Sources */ = {isa = PBXBuildFile; fileRef = DA3F0AB71B0DAEB900464800 /* BHSatisfactionDislikeTableViewController.m */; };
		DA3F0ABA1B0DAEB900464800 /* BHSatisfactionDislikeTableViewController.xib in Resources */ = {isa = PBXBuildFile; fileRef = DA3F0AB81B0DAEB900464800 /* BHSatisfactionDislikeTableViewController.xib */; };
		DA3F0ABF1B0DAFA600464800 /* BHDislikeHeaderViewController.m in Sources */ = {isa = PBXBuildFile; fileRef = DA3F0ABD1B0DAFA600464800 /* BHDislikeHeaderViewController.m */; };
		DA3F0AC01B0DAFA600464800 /* BHDislikeHeaderViewController.xib in Resources */ = {isa = PBXBuildFile; fileRef = DA3F0ABE1B0DAFA600464800 /* BHDislikeHeaderViewController.xib */; };
		DA3F0AC31B0DB0FF00464800 /* BHDislikeCell.xib in Resources */ = {isa = PBXBuildFile; fileRef = DA3F0AC21B0DB0FF00464800 /* BHDislikeCell.xib */; };
		DA3F0AC61B0DB13B00464800 /* BHDislikeTableViewCell.m in Sources */ = {isa = PBXBuildFile; fileRef = DA3F0AC51B0DB13B00464800 /* BHDislikeTableViewCell.m */; };
		DA3F0AE91B0EC9FE00464800 /* BHHoursTableViewController.m in Sources */ = {isa = PBXBuildFile; fileRef = DA3F0AE81B0EC9FE00464800 /* BHHoursTableViewController.m */; };
		DA3F0AF01B127AF300464800 /* SabonLTStd-Roman.otf in Resources */ = {isa = PBXBuildFile; fileRef = DA3F0AEF1B127AF300464800 /* SabonLTStd-Roman.otf */; };
		DA3F0AF31B127BE400464800 /* SabonLTStd-BoldItalic.otf in Resources */ = {isa = PBXBuildFile; fileRef = DA3F0AF11B127BE400464800 /* SabonLTStd-BoldItalic.otf */; };
		DA3F0AF41B127BE400464800 /* SabonLTStd-Italic.otf in Resources */ = {isa = PBXBuildFile; fileRef = DA3F0AF21B127BE400464800 /* SabonLTStd-Italic.otf */; };
		DA436E8C1AB2675000CE19A4 /* BHLoadingViewController.m in Sources */ = {isa = PBXBuildFile; fileRef = DA436E8B1AB2675000CE19A4 /* BHLoadingViewController.m */; };
		DA6197111B04329500DC7AE3 /* BHInputTextField.m in Sources */ = {isa = PBXBuildFile; fileRef = DA6197101B04329500DC7AE3 /* BHInputTextField.m */; };
		DA61971B1B043CD600DC7AE3 /* TPKeyboardAvoidingCollectionView.m in Sources */ = {isa = PBXBuildFile; fileRef = DA6197141B043CD600DC7AE3 /* TPKeyboardAvoidingCollectionView.m */; };
		DA61971C1B043CD600DC7AE3 /* TPKeyboardAvoidingScrollView.m in Sources */ = {isa = PBXBuildFile; fileRef = DA6197161B043CD600DC7AE3 /* TPKeyboardAvoidingScrollView.m */; };
		DA61971D1B043CD600DC7AE3 /* TPKeyboardAvoidingTableView.m in Sources */ = {isa = PBXBuildFile; fileRef = DA6197181B043CD600DC7AE3 /* TPKeyboardAvoidingTableView.m */; };
		DA61971E1B043CD600DC7AE3 /* UIScrollView+TPKeyboardAvoidingAdditions.m in Sources */ = {isa = PBXBuildFile; fileRef = DA61971A1B043CD600DC7AE3 /* UIScrollView+TPKeyboardAvoidingAdditions.m */; };
		DA6197231B04521600DC7AE3 /* BHDeliAnnotation.m in Sources */ = {isa = PBXBuildFile; fileRef = DA6197221B04521600DC7AE3 /* BHDeliAnnotation.m */; };
		DA6AC1C61AD36C00005337F7 /* BHSignInViewController.m in Sources */ = {isa = PBXBuildFile; fileRef = DA6AC1C51AD36C00005337F7 /* BHSignInViewController.m */; };
		DA6AC1C91AD36C7C005337F7 /* BHSignUpViewController.m in Sources */ = {isa = PBXBuildFile; fileRef = DA6AC1C81AD36C7C005337F7 /* BHSignUpViewController.m */; };
		DA6DE1D31AB280D700D2FB34 /* BHApplicationManager.m in Sources */ = {isa = PBXBuildFile; fileRef = DA6DE1D21AB280D700D2FB34 /* BHApplicationManager.m */; };
		DA9349151AFFE2390019B8BF /* BHCustomSearchBar.m in Sources */ = {isa = PBXBuildFile; fileRef = DA9349141AFFE2390019B8BF /* BHCustomSearchBar.m */; };
		DA9349181B001A480019B8BF /* BHMockDataManager.m in Sources */ = {isa = PBXBuildFile; fileRef = DA9349171B001A480019B8BF /* BHMockDataManager.m */; };
		DA9E9A681AA242DF003FE759 /* BHSlidingViewController.m in Sources */ = {isa = PBXBuildFile; fileRef = DA9E9A671AA242DF003FE759 /* BHSlidingViewController.m */; };
		DAA084121AAB95D800ABBA68 /* MapKit.framework in Frameworks */ = {isa = PBXBuildFile; fileRef = DAA084111AAB95D800ABBA68 /* MapKit.framework */; };
		DAA084161AAB99B700ABBA68 /* BHMainMapViewController.m in Sources */ = {isa = PBXBuildFile; fileRef = DAA084151AAB99B700ABBA68 /* BHMainMapViewController.m */; };
		DAA084181AAB9FB800ABBA68 /* CoreLocation.framework in Frameworks */ = {isa = PBXBuildFile; fileRef = DAA084171AAB9FB800ABBA68 /* CoreLocation.framework */; };
		DAA084211AABA41D00ABBA68 /* BHLocationManager.m in Sources */ = {isa = PBXBuildFile; fileRef = DAA084201AABA41D00ABBA68 /* BHLocationManager.m */; };
		DAB3D7FE1AEC860C003DA43A /* BHEasyWayServicesManager.m in Sources */ = {isa = PBXBuildFile; fileRef = DAB3D7FD1AEC860C003DA43A /* BHEasyWayServicesManager.m */; };
		DAC9EEAC1B01954500E3B730 /* Avenir Next Demi Bold.ttf in Resources */ = {isa = PBXBuildFile; fileRef = DAC9EEA41B01954500E3B730 /* Avenir Next Demi Bold.ttf */; };
		DAC9EEAD1B01954500E3B730 /* Avenir Next Medium.ttf in Resources */ = {isa = PBXBuildFile; fileRef = DAC9EEA51B01954500E3B730 /* Avenir Next Medium.ttf */; };
		DAC9EEAE1B01954500E3B730 /* Avenir Next Regular.ttf in Resources */ = {isa = PBXBuildFile; fileRef = DAC9EEA61B01954500E3B730 /* Avenir Next Regular.ttf */; };
		DAC9EEB51B019D9000E3B730 /* BHSecondaryButton.m in Sources */ = {isa = PBXBuildFile; fileRef = DAC9EEB41B019D9000E3B730 /* BHSecondaryButton.m */; };
		DAC9EEB91B01A27500E3B730 /* BHDividerView.m in Sources */ = {isa = PBXBuildFile; fileRef = DAC9EEB81B01A27500E3B730 /* BHDividerView.m */; };
		DACE35C51B17E6920060C486 /* BHMenuTableViewController.m in Sources */ = {isa = PBXBuildFile; fileRef = DACE35C41B17E6920060C486 /* BHMenuTableViewController.m */; };
		DACE35CA1B17FD580060C486 /* BHWebViewController.m in Sources */ = {isa = PBXBuildFile; fileRef = DACE35C81B17FD580060C486 /* BHWebViewController.m */; };
		DACE35CB1B17FD580060C486 /* BHWebViewController.xib in Resources */ = {isa = PBXBuildFile; fileRef = DACE35C91B17FD580060C486 /* BHWebViewController.xib */; };
		DAE41C121AFA39D400A3C1CD /* BHPrimaryButton.m in Sources */ = {isa = PBXBuildFile; fileRef = DAE41C111AFA39D400A3C1CD /* BHPrimaryButton.m */; };
		DAE41C161AFAEB3C00A3C1CD /* BHSplashViewController.m in Sources */ = {isa = PBXBuildFile; fileRef = DAE41C151AFAEB3C00A3C1CD /* BHSplashViewController.m */; };
		DAE41C201AFAEFE000A3C1CD /* UILabel+MBIBnsepectable.m in Sources */ = {isa = PBXBuildFile; fileRef = DAE41C1D1AFAEFE000A3C1CD /* UILabel+MBIBnsepectable.m */; };
		DAE41C211AFAEFE000A3C1CD /* UIView+MBIBnspectable.m in Sources */ = {isa = PBXBuildFile; fileRef = DAE41C1F1AFAEFE000A3C1CD /* UIView+MBIBnspectable.m */; };
		DAE41C251AFAF21500A3C1CD /* BHLocationSearchTextField.m in Sources */ = {isa = PBXBuildFile; fileRef = DAE41C241AFAF21500A3C1CD /* BHLocationSearchTextField.m */; };
		DAEB09A71B127D5800E58B73 /* UIFont+SmallFont.m in Sources */ = {isa = PBXBuildFile; fileRef = DAEB09A61B127D5800E58B73 /* UIFont+SmallFont.m */; };
/* End PBXBuildFile section */

/* Begin PBXContainerItemProxy section */
		DA27ED511AA152AA00689F55 /* PBXContainerItemProxy */ = {
			isa = PBXContainerItemProxy;
			containerPortal = DA27ED2F1AA152AA00689F55 /* Project object */;
			proxyType = 1;
			remoteGlobalIDString = DA27ED361AA152AA00689F55;
			remoteInfo = DeliGuide;
		};
/* End PBXContainerItemProxy section */

/* Begin PBXFileReference section */
		DA06D3DA1AFE7D5100A66EEB /* BHDrawerBackgroundView.h */ = {isa = PBXFileReference; fileEncoding = 4; lastKnownFileType = sourcecode.c.h; path = BHDrawerBackgroundView.h; sourceTree = "<group>"; };
		DA06D3DB1AFE7D5100A66EEB /* BHDrawerBackgroundView.m */ = {isa = PBXFileReference; fileEncoding = 4; lastKnownFileType = sourcecode.c.objc; path = BHDrawerBackgroundView.m; sourceTree = "<group>"; };
		DA06D3DD1AFE802000A66EEB /* BHSearchFieldBackgroundView.h */ = {isa = PBXFileReference; fileEncoding = 4; lastKnownFileType = sourcecode.c.h; path = BHSearchFieldBackgroundView.h; sourceTree = "<group>"; };
		DA06D3DE1AFE802000A66EEB /* BHSearchFieldBackgroundView.m */ = {isa = PBXFileReference; fileEncoding = 4; lastKnownFileType = sourcecode.c.objc; path = BHSearchFieldBackgroundView.m; sourceTree = "<group>"; };
		DA06D3E31AFE9A1F00A66EEB /* BHFacebookButton.h */ = {isa = PBXFileReference; fileEncoding = 4; lastKnownFileType = sourcecode.c.h; path = BHFacebookButton.h; sourceTree = "<group>"; };
		DA06D3E41AFE9A1F00A66EEB /* BHFacebookButton.m */ = {isa = PBXFileReference; fileEncoding = 4; lastKnownFileType = sourcecode.c.objc; path = BHFacebookButton.m; sourceTree = "<group>"; };
		DA06D3E61AFE9BF800A66EEB /* BHNavigationBarBackgroundView.h */ = {isa = PBXFileReference; fileEncoding = 4; lastKnownFileType = sourcecode.c.h; path = BHNavigationBarBackgroundView.h; sourceTree = "<group>"; };
		DA06D3E71AFE9BF800A66EEB /* BHNavigationBarBackgroundView.m */ = {isa = PBXFileReference; fileEncoding = 4; lastKnownFileType = sourcecode.c.objc; path = BHNavigationBarBackgroundView.m; sourceTree = "<group>"; };
		DA06D3E91AFEC87A00A66EEB /* BHSignUpSuccessViewController.h */ = {isa = PBXFileReference; fileEncoding = 4; lastKnownFileType = sourcecode.c.h; path = BHSignUpSuccessViewController.h; sourceTree = "<group>"; };
		DA06D3EA1AFEC87A00A66EEB /* BHSignUpSuccessViewController.m */ = {isa = PBXFileReference; fileEncoding = 4; lastKnownFileType = sourcecode.c.objc; path = BHSignUpSuccessViewController.m; sourceTree = "<group>"; };
		DA06D3EC1AFED0AE00A66EEB /* BHUserObject.h */ = {isa = PBXFileReference; fileEncoding = 4; lastKnownFileType = sourcecode.c.h; path = BHUserObject.h; sourceTree = "<group>"; };
		DA06D3ED1AFED0AE00A66EEB /* BHUserObject.m */ = {isa = PBXFileReference; fileEncoding = 4; lastKnownFileType = sourcecode.c.objc; path = BHUserObject.m; sourceTree = "<group>"; };
		DA06D3F01AFEEB0B00A66EEB /* BHNoFavoritesViewController.h */ = {isa = PBXFileReference; fileEncoding = 4; lastKnownFileType = sourcecode.c.h; path = BHNoFavoritesViewController.h; sourceTree = "<group>"; };
		DA06D3F11AFEEB0B00A66EEB /* BHNoFavoritesViewController.m */ = {isa = PBXFileReference; fileEncoding = 4; lastKnownFileType = sourcecode.c.objc; path = BHNoFavoritesViewController.m; sourceTree = "<group>"; };
		DA0C9D6D1AB4B52F00FEDC35 /* BHDeliTableViewCell.h */ = {isa = PBXFileReference; fileEncoding = 4; lastKnownFileType = sourcecode.c.h; path = BHDeliTableViewCell.h; sourceTree = "<group>"; };
		DA0C9D6E1AB4B52F00FEDC35 /* BHDeliTableViewCell.m */ = {isa = PBXFileReference; fileEncoding = 4; lastKnownFileType = sourcecode.c.objc; path = BHDeliTableViewCell.m; sourceTree = "<group>"; };
		DA0C9D741AB6328000FEDC35 /* BHDeliDetailsTableViewController.h */ = {isa = PBXFileReference; fileEncoding = 4; lastKnownFileType = sourcecode.c.h; path = BHDeliDetailsTableViewController.h; sourceTree = "<group>"; };
		DA0C9D751AB6328000FEDC35 /* BHDeliDetailsTableViewController.m */ = {isa = PBXFileReference; fileEncoding = 4; lastKnownFileType = sourcecode.c.objc; path = BHDeliDetailsTableViewController.m; sourceTree = "<group>"; };
		DA20ABA61AB124BD0036CAE8 /* BHTableView.h */ = {isa = PBXFileReference; fileEncoding = 4; lastKnownFileType = sourcecode.c.h; path = BHTableView.h; sourceTree = "<group>"; };
		DA20ABA71AB124BD0036CAE8 /* BHTableView.m */ = {isa = PBXFileReference; fileEncoding = 4; lastKnownFileType = sourcecode.c.objc; path = BHTableView.m; sourceTree = "<group>"; };
		DA20ABAA1AB12D370036CAE8 /* BHDeliObject.h */ = {isa = PBXFileReference; fileEncoding = 4; lastKnownFileType = sourcecode.c.h; path = BHDeliObject.h; sourceTree = "<group>"; };
		DA20ABAB1AB12D370036CAE8 /* BHDeliObject.m */ = {isa = PBXFileReference; fileEncoding = 4; lastKnownFileType = sourcecode.c.objc; path = BHDeliObject.m; sourceTree = "<group>"; };
		DA20ABAE1AB12E530036CAE8 /* libGoogleAnalyticsServices.a */ = {isa = PBXFileReference; lastKnownFileType = archive.ar; path = libGoogleAnalyticsServices.a; sourceTree = "<group>"; };
		DA20ABB01AB12E620036CAE8 /* GAITracker.h */ = {isa = PBXFileReference; lastKnownFileType = sourcecode.c.h; path = GAITracker.h; sourceTree = "<group>"; };
		DA20ABB11AB12E620036CAE8 /* GAITrackedViewController.h */ = {isa = PBXFileReference; lastKnownFileType = sourcecode.c.h; path = GAITrackedViewController.h; sourceTree = "<group>"; };
		DA20ABB21AB12E620036CAE8 /* GAILogger.h */ = {isa = PBXFileReference; lastKnownFileType = sourcecode.c.h; path = GAILogger.h; sourceTree = "<group>"; };
		DA20ABB31AB12E620036CAE8 /* GAIFields.h */ = {isa = PBXFileReference; lastKnownFileType = sourcecode.c.h; path = GAIFields.h; sourceTree = "<group>"; };
		DA20ABB41AB12E620036CAE8 /* GAIEcommercePromotion.h */ = {isa = PBXFileReference; lastKnownFileType = sourcecode.c.h; path = GAIEcommercePromotion.h; sourceTree = "<group>"; };
		DA20ABB51AB12E620036CAE8 /* GAIEcommerceProductAction.h */ = {isa = PBXFileReference; lastKnownFileType = sourcecode.c.h; path = GAIEcommerceProductAction.h; sourceTree = "<group>"; };
		DA20ABB61AB12E620036CAE8 /* GAIEcommerceProduct.h */ = {isa = PBXFileReference; lastKnownFileType = sourcecode.c.h; path = GAIEcommerceProduct.h; sourceTree = "<group>"; };
		DA20ABB71AB12E620036CAE8 /* GAIEcommerceFields.h */ = {isa = PBXFileReference; lastKnownFileType = sourcecode.c.h; path = GAIEcommerceFields.h; sourceTree = "<group>"; };
		DA20ABB81AB12E620036CAE8 /* GAIDictionaryBuilder.h */ = {isa = PBXFileReference; lastKnownFileType = sourcecode.c.h; path = GAIDictionaryBuilder.h; sourceTree = "<group>"; };
		DA20ABB91AB12E620036CAE8 /* GAI.h */ = {isa = PBXFileReference; lastKnownFileType = sourcecode.c.h; path = GAI.h; sourceTree = "<group>"; };
		DA20ABBA1AB12EA10036CAE8 /* CoreData.framework */ = {isa = PBXFileReference; lastKnownFileType = wrapper.framework; name = CoreData.framework; path = System/Library/Frameworks/CoreData.framework; sourceTree = SDKROOT; };
		DA20ABBC1AB12EB00036CAE8 /* SystemConfiguration.framework */ = {isa = PBXFileReference; lastKnownFileType = wrapper.framework; name = SystemConfiguration.framework; path = System/Library/Frameworks/SystemConfiguration.framework; sourceTree = SDKROOT; };
		DA20ABBE1AB12EBC0036CAE8 /* libz.dylib */ = {isa = PBXFileReference; lastKnownFileType = "compiled.mach-o.dylib"; name = libz.dylib; path = usr/lib/libz.dylib; sourceTree = SDKROOT; };
		DA20ABC01AB12EC70036CAE8 /* libsqlite3.dylib */ = {isa = PBXFileReference; lastKnownFileType = "compiled.mach-o.dylib"; name = libsqlite3.dylib; path = usr/lib/libsqlite3.dylib; sourceTree = SDKROOT; };
		DA20ABC21AB133DC0036CAE8 /* BHMenuItemObject.h */ = {isa = PBXFileReference; fileEncoding = 4; lastKnownFileType = sourcecode.c.h; path = BHMenuItemObject.h; sourceTree = "<group>"; };
		DA20ABC31AB133DC0036CAE8 /* BHMenuItemObject.m */ = {isa = PBXFileReference; fileEncoding = 4; lastKnownFileType = sourcecode.c.objc; path = BHMenuItemObject.m; sourceTree = "<group>"; };
		DA20ABC51AB133ED0036CAE8 /* BHTravelObject.h */ = {isa = PBXFileReference; fileEncoding = 4; lastKnownFileType = sourcecode.c.h; path = BHTravelObject.h; sourceTree = "<group>"; };
		DA20ABC61AB133ED0036CAE8 /* BHTravelObject.m */ = {isa = PBXFileReference; fileEncoding = 4; lastKnownFileType = sourcecode.c.objc; path = BHTravelObject.m; sourceTree = "<group>"; };
		DA27ED371AA152AA00689F55 /* DeliGuide.app */ = {isa = PBXFileReference; explicitFileType = wrapper.application; includeInIndex = 0; path = DeliGuide.app; sourceTree = BUILT_PRODUCTS_DIR; };
		DA27ED3B1AA152AA00689F55 /* Info.plist */ = {isa = PBXFileReference; lastKnownFileType = text.plist.xml; path = Info.plist; sourceTree = "<group>"; };
		DA27ED3C1AA152AA00689F55 /* main.m */ = {isa = PBXFileReference; lastKnownFileType = sourcecode.c.objc; path = main.m; sourceTree = "<group>"; };
		DA27ED3E1AA152AA00689F55 /* AppDelegate.h */ = {isa = PBXFileReference; lastKnownFileType = sourcecode.c.h; path = AppDelegate.h; sourceTree = "<group>"; };
		DA27ED3F1AA152AA00689F55 /* AppDelegate.m */ = {isa = PBXFileReference; lastKnownFileType = sourcecode.c.objc; path = AppDelegate.m; sourceTree = "<group>"; };
		DA27ED411AA152AA00689F55 /* ViewController.h */ = {isa = PBXFileReference; lastKnownFileType = sourcecode.c.h; path = ViewController.h; sourceTree = "<group>"; };
		DA27ED421AA152AA00689F55 /* ViewController.m */ = {isa = PBXFileReference; lastKnownFileType = sourcecode.c.objc; path = ViewController.m; sourceTree = "<group>"; };
		DA27ED451AA152AA00689F55 /* Base */ = {isa = PBXFileReference; lastKnownFileType = file.storyboard; name = Base; path = Base.lproj/Main.storyboard; sourceTree = "<group>"; };
		DA27ED471AA152AA00689F55 /* Images.xcassets */ = {isa = PBXFileReference; lastKnownFileType = folder.assetcatalog; path = Images.xcassets; sourceTree = "<group>"; };
		DA27ED4A1AA152AA00689F55 /* Base */ = {isa = PBXFileReference; lastKnownFileType = file.xib; name = Base; path = Base.lproj/LaunchScreen.xib; sourceTree = "<group>"; };
		DA27ED501AA152AA00689F55 /* DeliGuideTests.xctest */ = {isa = PBXFileReference; explicitFileType = wrapper.cfbundle; includeInIndex = 0; path = DeliGuideTests.xctest; sourceTree = BUILT_PRODUCTS_DIR; };
		DA27ED551AA152AA00689F55 /* Info.plist */ = {isa = PBXFileReference; lastKnownFileType = text.plist.xml; path = Info.plist; sourceTree = "<group>"; };
		DA27ED561AA152AA00689F55 /* DeliGuideTests.m */ = {isa = PBXFileReference; lastKnownFileType = sourcecode.c.objc; path = DeliGuideTests.m; sourceTree = "<group>"; };
		DA27ED7C1AA15E4500689F55 /* UIViewController+ECSlidingViewController.m */ = {isa = PBXFileReference; fileEncoding = 4; lastKnownFileType = sourcecode.c.objc; path = "UIViewController+ECSlidingViewController.m"; sourceTree = "<group>"; };
		DA27ED7D1AA15E4500689F55 /* UIViewController+ECSlidingViewController.h */ = {isa = PBXFileReference; fileEncoding = 4; lastKnownFileType = sourcecode.c.h; path = "UIViewController+ECSlidingViewController.h"; sourceTree = "<group>"; };
		DA27ED7E1AA15E4500689F55 /* ECSlidingViewController.m */ = {isa = PBXFileReference; fileEncoding = 4; lastKnownFileType = sourcecode.c.objc; path = ECSlidingViewController.m; sourceTree = "<group>"; };
		DA27ED7F1AA15E4500689F55 /* ECSlidingViewController.h */ = {isa = PBXFileReference; fileEncoding = 4; lastKnownFileType = sourcecode.c.h; path = ECSlidingViewController.h; sourceTree = "<group>"; };
		DA27ED801AA15E4500689F55 /* ECSlidingSegue.m */ = {isa = PBXFileReference; fileEncoding = 4; lastKnownFileType = sourcecode.c.objc; path = ECSlidingSegue.m; sourceTree = "<group>"; };
		DA27ED811AA15E4500689F55 /* ECSlidingSegue.h */ = {isa = PBXFileReference; fileEncoding = 4; lastKnownFileType = sourcecode.c.h; path = ECSlidingSegue.h; sourceTree = "<group>"; };
		DA27ED821AA15E4500689F55 /* ECSlidingInteractiveTransition.m */ = {isa = PBXFileReference; fileEncoding = 4; lastKnownFileType = sourcecode.c.objc; path = ECSlidingInteractiveTransition.m; sourceTree = "<group>"; };
		DA27ED831AA15E4500689F55 /* ECSlidingInteractiveTransition.h */ = {isa = PBXFileReference; fileEncoding = 4; lastKnownFileType = sourcecode.c.h; path = ECSlidingInteractiveTransition.h; sourceTree = "<group>"; };
		DA27ED841AA15E4500689F55 /* ECSlidingConstants.h */ = {isa = PBXFileReference; fileEncoding = 4; lastKnownFileType = sourcecode.c.h; path = ECSlidingConstants.h; sourceTree = "<group>"; };
		DA27ED851AA15E4500689F55 /* ECSlidingAnimationController.m */ = {isa = PBXFileReference; fileEncoding = 4; lastKnownFileType = sourcecode.c.objc; path = ECSlidingAnimationController.m; sourceTree = "<group>"; };
		DA27ED861AA15E4500689F55 /* ECSlidingAnimationController.h */ = {isa = PBXFileReference; fileEncoding = 4; lastKnownFileType = sourcecode.c.h; path = ECSlidingAnimationController.h; sourceTree = "<group>"; };
		DA27ED871AA15E4500689F55 /* ECPercentDrivenInteractiveTransition.m */ = {isa = PBXFileReference; fileEncoding = 4; lastKnownFileType = sourcecode.c.objc; path = ECPercentDrivenInteractiveTransition.m; sourceTree = "<group>"; };
		DA27ED881AA15E4500689F55 /* ECPercentDrivenInteractiveTransition.h */ = {isa = PBXFileReference; fileEncoding = 4; lastKnownFileType = sourcecode.c.h; path = ECPercentDrivenInteractiveTransition.h; sourceTree = "<group>"; };
		DA3F0A801B0D784800464800 /* BHDeliDetailDynamicHeaderButton.h */ = {isa = PBXFileReference; fileEncoding = 4; lastKnownFileType = sourcecode.c.h; path = BHDeliDetailDynamicHeaderButton.h; sourceTree = "<group>"; };
		DA3F0A811B0D784800464800 /* BHDeliDetailDynamicHeaderButton.m */ = {isa = PBXFileReference; fileEncoding = 4; lastKnownFileType = sourcecode.c.objc; path = BHDeliDetailDynamicHeaderButton.m; sourceTree = "<group>"; };
		DA3F0A871B0D992600464800 /* UIViewController+KNSemiModal.h */ = {isa = PBXFileReference; fileEncoding = 4; lastKnownFileType = sourcecode.c.h; path = "UIViewController+KNSemiModal.h"; sourceTree = "<group>"; };
		DA3F0A881B0D992600464800 /* UIViewController+KNSemiModal.m */ = {isa = PBXFileReference; fileEncoding = 4; lastKnownFileType = sourcecode.c.objc; path = "UIViewController+KNSemiModal.m"; sourceTree = "<group>"; };
		DA3F0A941B0D9AEB00464800 /* BHDeliDetailsTravelTableViewController.h */ = {isa = PBXFileReference; fileEncoding = 4; lastKnownFileType = sourcecode.c.h; path = BHDeliDetailsTravelTableViewController.h; sourceTree = "<group>"; };
		DA3F0A951B0D9AEB00464800 /* BHDeliDetailsTravelTableViewController.m */ = {isa = PBXFileReference; fileEncoding = 4; lastKnownFileType = sourcecode.c.objc; path = BHDeliDetailsTravelTableViewController.m; sourceTree = "<group>"; };
		DA3F0A961B0D9AEB00464800 /* BHDeliDetailsTravelTableViewController.xib */ = {isa = PBXFileReference; fileEncoding = 4; lastKnownFileType = file.xib; path = BHDeliDetailsTravelTableViewController.xib; sourceTree = "<group>"; };
		DA3F0A991B0D9B3600464800 /* QuartzCore.framework */ = {isa = PBXFileReference; lastKnownFileType = wrapper.framework; name = QuartzCore.framework; path = System/Library/Frameworks/QuartzCore.framework; sourceTree = SDKROOT; };
		DA3F0A9E1B0D9ED500464800 /* BHTravelSelectionCell.xib */ = {isa = PBXFileReference; fileEncoding = 4; lastKnownFileType = file.xib; path = BHTravelSelectionCell.xib; sourceTree = "<group>"; };
		DA3F0AA01B0D9F4D00464800 /* BHTravelSelectionTableViewCell.h */ = {isa = PBXFileReference; fileEncoding = 4; lastKnownFileType = sourcecode.c.h; path = BHTravelSelectionTableViewCell.h; sourceTree = "<group>"; };
		DA3F0AA11B0D9F4D00464800 /* BHTravelSelectionTableViewCell.m */ = {isa = PBXFileReference; fileEncoding = 4; lastKnownFileType = sourcecode.c.objc; path = BHTravelSelectionTableViewCell.m; sourceTree = "<group>"; };
		DA3F0AA91B0DA89C00464800 /* PopoverView_Configuration.h */ = {isa = PBXFileReference; fileEncoding = 4; lastKnownFileType = sourcecode.c.h; name = PopoverView_Configuration.h; path = "../../../../../../Downloads/PopoverView-master/PopoverView/PopoverView_Configuration.h"; sourceTree = "<group>"; };
		DA3F0AAA1B0DA89C00464800 /* PopoverView.h */ = {isa = PBXFileReference; fileEncoding = 4; lastKnownFileType = sourcecode.c.h; name = PopoverView.h; path = "../../../../../../Downloads/PopoverView-master/PopoverView/PopoverView.h"; sourceTree = "<group>"; };
		DA3F0AAB1B0DA89C00464800 /* PopoverView.m */ = {isa = PBXFileReference; fileEncoding = 4; lastKnownFileType = sourcecode.c.objc; name = PopoverView.m; path = "../../../../../../Downloads/PopoverView-master/PopoverView/PopoverView.m"; sourceTree = "<group>"; };
		DA3F0AAC1B0DA89C00464800 /* PopoverViewCompatibility.h */ = {isa = PBXFileReference; fileEncoding = 4; lastKnownFileType = sourcecode.c.h; name = PopoverViewCompatibility.h; path = "../../../../../../Downloads/PopoverView-master/PopoverView/PopoverViewCompatibility.h"; sourceTree = "<group>"; };
		DA3F0AAF1B0DA95900464800 /* BHDetailsLikeViewController.h */ = {isa = PBXFileReference; fileEncoding = 4; lastKnownFileType = sourcecode.c.h; path = BHDetailsLikeViewController.h; sourceTree = "<group>"; };
		DA3F0AB01B0DA95900464800 /* BHDetailsLikeViewController.m */ = {isa = PBXFileReference; fileEncoding = 4; lastKnownFileType = sourcecode.c.objc; path = BHDetailsLikeViewController.m; sourceTree = "<group>"; };
		DA3F0AB11B0DA95900464800 /* BHDetailsLikeViewController.xib */ = {isa = PBXFileReference; fileEncoding = 4; lastKnownFileType = file.xib; path = BHDetailsLikeViewController.xib; sourceTree = "<group>"; };
		DA3F0AB61B0DAEB900464800 /* BHSatisfactionDislikeTableViewController.h */ = {isa = PBXFileReference; fileEncoding = 4; lastKnownFileType = sourcecode.c.h; path = BHSatisfactionDislikeTableViewController.h; sourceTree = "<group>"; };
		DA3F0AB71B0DAEB900464800 /* BHSatisfactionDislikeTableViewController.m */ = {isa = PBXFileReference; fileEncoding = 4; lastKnownFileType = sourcecode.c.objc; path = BHSatisfactionDislikeTableViewController.m; sourceTree = "<group>"; };
		DA3F0AB81B0DAEB900464800 /* BHSatisfactionDislikeTableViewController.xib */ = {isa = PBXFileReference; fileEncoding = 4; lastKnownFileType = file.xib; path = BHSatisfactionDislikeTableViewController.xib; sourceTree = "<group>"; };
		DA3F0ABC1B0DAFA600464800 /* BHDislikeHeaderViewController.h */ = {isa = PBXFileReference; fileEncoding = 4; lastKnownFileType = sourcecode.c.h; path = BHDislikeHeaderViewController.h; sourceTree = "<group>"; };
		DA3F0ABD1B0DAFA600464800 /* BHDislikeHeaderViewController.m */ = {isa = PBXFileReference; fileEncoding = 4; lastKnownFileType = sourcecode.c.objc; path = BHDislikeHeaderViewController.m; sourceTree = "<group>"; };
		DA3F0ABE1B0DAFA600464800 /* BHDislikeHeaderViewController.xib */ = {isa = PBXFileReference; fileEncoding = 4; lastKnownFileType = file.xib; path = BHDislikeHeaderViewController.xib; sourceTree = "<group>"; };
		DA3F0AC21B0DB0FF00464800 /* BHDislikeCell.xib */ = {isa = PBXFileReference; fileEncoding = 4; lastKnownFileType = file.xib; path = BHDislikeCell.xib; sourceTree = "<group>"; };
		DA3F0AC41B0DB13B00464800 /* BHDislikeTableViewCell.h */ = {isa = PBXFileReference; fileEncoding = 4; lastKnownFileType = sourcecode.c.h; path = BHDislikeTableViewCell.h; sourceTree = "<group>"; };
		DA3F0AC51B0DB13B00464800 /* BHDislikeTableViewCell.m */ = {isa = PBXFileReference; fileEncoding = 4; lastKnownFileType = sourcecode.c.objc; path = BHDislikeTableViewCell.m; sourceTree = "<group>"; };
		DA3F0AE71B0EC9FE00464800 /* BHHoursTableViewController.h */ = {isa = PBXFileReference; fileEncoding = 4; lastKnownFileType = sourcecode.c.h; path = BHHoursTableViewController.h; sourceTree = "<group>"; };
		DA3F0AE81B0EC9FE00464800 /* BHHoursTableViewController.m */ = {isa = PBXFileReference; fileEncoding = 4; lastKnownFileType = sourcecode.c.objc; path = BHHoursTableViewController.m; sourceTree = "<group>"; };
		DA3F0AEF1B127AF300464800 /* SabonLTStd-Roman.otf */ = {isa = PBXFileReference; lastKnownFileType = file; path = "SabonLTStd-Roman.otf"; sourceTree = "<group>"; };
		DA3F0AF11B127BE400464800 /* SabonLTStd-BoldItalic.otf */ = {isa = PBXFileReference; lastKnownFileType = file; path = "SabonLTStd-BoldItalic.otf"; sourceTree = "<group>"; };
		DA3F0AF21B127BE400464800 /* SabonLTStd-Italic.otf */ = {isa = PBXFileReference; lastKnownFileType = file; path = "SabonLTStd-Italic.otf"; sourceTree = "<group>"; };
		DA436E8A1AB2675000CE19A4 /* BHLoadingViewController.h */ = {isa = PBXFileReference; fileEncoding = 4; lastKnownFileType = sourcecode.c.h; path = BHLoadingViewController.h; sourceTree = "<group>"; };
		DA436E8B1AB2675000CE19A4 /* BHLoadingViewController.m */ = {isa = PBXFileReference; fileEncoding = 4; lastKnownFileType = sourcecode.c.objc; path = BHLoadingViewController.m; sourceTree = "<group>"; };
		DA61970F1B04329500DC7AE3 /* BHInputTextField.h */ = {isa = PBXFileReference; fileEncoding = 4; lastKnownFileType = sourcecode.c.h; path = BHInputTextField.h; sourceTree = "<group>"; };
		DA6197101B04329500DC7AE3 /* BHInputTextField.m */ = {isa = PBXFileReference; fileEncoding = 4; lastKnownFileType = sourcecode.c.objc; path = BHInputTextField.m; sourceTree = "<group>"; };
		DA6197131B043CD600DC7AE3 /* TPKeyboardAvoidingCollectionView.h */ = {isa = PBXFileReference; fileEncoding = 4; lastKnownFileType = sourcecode.c.h; path = TPKeyboardAvoidingCollectionView.h; sourceTree = "<group>"; };
		DA6197141B043CD600DC7AE3 /* TPKeyboardAvoidingCollectionView.m */ = {isa = PBXFileReference; fileEncoding = 4; lastKnownFileType = sourcecode.c.objc; path = TPKeyboardAvoidingCollectionView.m; sourceTree = "<group>"; };
		DA6197151B043CD600DC7AE3 /* TPKeyboardAvoidingScrollView.h */ = {isa = PBXFileReference; fileEncoding = 4; lastKnownFileType = sourcecode.c.h; path = TPKeyboardAvoidingScrollView.h; sourceTree = "<group>"; };
		DA6197161B043CD600DC7AE3 /* TPKeyboardAvoidingScrollView.m */ = {isa = PBXFileReference; fileEncoding = 4; lastKnownFileType = sourcecode.c.objc; path = TPKeyboardAvoidingScrollView.m; sourceTree = "<group>"; };
		DA6197171B043CD600DC7AE3 /* TPKeyboardAvoidingTableView.h */ = {isa = PBXFileReference; fileEncoding = 4; lastKnownFileType = sourcecode.c.h; path = TPKeyboardAvoidingTableView.h; sourceTree = "<group>"; };
		DA6197181B043CD600DC7AE3 /* TPKeyboardAvoidingTableView.m */ = {isa = PBXFileReference; fileEncoding = 4; lastKnownFileType = sourcecode.c.objc; path = TPKeyboardAvoidingTableView.m; sourceTree = "<group>"; };
		DA6197191B043CD600DC7AE3 /* UIScrollView+TPKeyboardAvoidingAdditions.h */ = {isa = PBXFileReference; fileEncoding = 4; lastKnownFileType = sourcecode.c.h; path = "UIScrollView+TPKeyboardAvoidingAdditions.h"; sourceTree = "<group>"; };
		DA61971A1B043CD600DC7AE3 /* UIScrollView+TPKeyboardAvoidingAdditions.m */ = {isa = PBXFileReference; fileEncoding = 4; lastKnownFileType = sourcecode.c.objc; path = "UIScrollView+TPKeyboardAvoidingAdditions.m"; sourceTree = "<group>"; };
		DA6197211B04521600DC7AE3 /* BHDeliAnnotation.h */ = {isa = PBXFileReference; fileEncoding = 4; lastKnownFileType = sourcecode.c.h; path = BHDeliAnnotation.h; sourceTree = "<group>"; };
		DA6197221B04521600DC7AE3 /* BHDeliAnnotation.m */ = {isa = PBXFileReference; fileEncoding = 4; lastKnownFileType = sourcecode.c.objc; path = BHDeliAnnotation.m; sourceTree = "<group>"; };
		DA6AC1C41AD36C00005337F7 /* BHSignInViewController.h */ = {isa = PBXFileReference; fileEncoding = 4; lastKnownFileType = sourcecode.c.h; path = BHSignInViewController.h; sourceTree = "<group>"; };
		DA6AC1C51AD36C00005337F7 /* BHSignInViewController.m */ = {isa = PBXFileReference; fileEncoding = 4; lastKnownFileType = sourcecode.c.objc; path = BHSignInViewController.m; sourceTree = "<group>"; };
		DA6AC1C71AD36C7C005337F7 /* BHSignUpViewController.h */ = {isa = PBXFileReference; fileEncoding = 4; lastKnownFileType = sourcecode.c.h; path = BHSignUpViewController.h; sourceTree = "<group>"; };
		DA6AC1C81AD36C7C005337F7 /* BHSignUpViewController.m */ = {isa = PBXFileReference; fileEncoding = 4; lastKnownFileType = sourcecode.c.objc; path = BHSignUpViewController.m; sourceTree = "<group>"; };
		DA6DE1D11AB280D700D2FB34 /* BHApplicationManager.h */ = {isa = PBXFileReference; fileEncoding = 4; lastKnownFileType = sourcecode.c.h; path = BHApplicationManager.h; sourceTree = "<group>"; };
		DA6DE1D21AB280D700D2FB34 /* BHApplicationManager.m */ = {isa = PBXFileReference; fileEncoding = 4; lastKnownFileType = sourcecode.c.objc; path = BHApplicationManager.m; sourceTree = "<group>"; };
		DA9349131AFFE2390019B8BF /* BHCustomSearchBar.h */ = {isa = PBXFileReference; fileEncoding = 4; lastKnownFileType = sourcecode.c.h; path = BHCustomSearchBar.h; sourceTree = "<group>"; };
		DA9349141AFFE2390019B8BF /* BHCustomSearchBar.m */ = {isa = PBXFileReference; fileEncoding = 4; lastKnownFileType = sourcecode.c.objc; path = BHCustomSearchBar.m; sourceTree = "<group>"; };
		DA9349161B001A480019B8BF /* BHMockDataManager.h */ = {isa = PBXFileReference; fileEncoding = 4; lastKnownFileType = sourcecode.c.h; path = BHMockDataManager.h; sourceTree = "<group>"; };
		DA9349171B001A480019B8BF /* BHMockDataManager.m */ = {isa = PBXFileReference; fileEncoding = 4; lastKnownFileType = sourcecode.c.objc; path = BHMockDataManager.m; sourceTree = "<group>"; };
		DA9E9A661AA242DF003FE759 /* BHSlidingViewController.h */ = {isa = PBXFileReference; fileEncoding = 4; lastKnownFileType = sourcecode.c.h; path = BHSlidingViewController.h; sourceTree = "<group>"; };
		DA9E9A671AA242DF003FE759 /* BHSlidingViewController.m */ = {isa = PBXFileReference; fileEncoding = 4; lastKnownFileType = sourcecode.c.objc; path = BHSlidingViewController.m; sourceTree = "<group>"; };
		DAA084111AAB95D800ABBA68 /* MapKit.framework */ = {isa = PBXFileReference; lastKnownFileType = wrapper.framework; name = MapKit.framework; path = System/Library/Frameworks/MapKit.framework; sourceTree = SDKROOT; };
		DAA084141AAB99B700ABBA68 /* BHMainMapViewController.h */ = {isa = PBXFileReference; fileEncoding = 4; lastKnownFileType = sourcecode.c.h; path = BHMainMapViewController.h; sourceTree = "<group>"; };
		DAA084151AAB99B700ABBA68 /* BHMainMapViewController.m */ = {isa = PBXFileReference; fileEncoding = 4; lastKnownFileType = sourcecode.c.objc; path = BHMainMapViewController.m; sourceTree = "<group>"; };
		DAA084171AAB9FB800ABBA68 /* CoreLocation.framework */ = {isa = PBXFileReference; lastKnownFileType = wrapper.framework; name = CoreLocation.framework; path = System/Library/Frameworks/CoreLocation.framework; sourceTree = SDKROOT; };
		DAA0841D1AABA1B200ABBA68 /* Constants.h */ = {isa = PBXFileReference; lastKnownFileType = sourcecode.c.h; path = Constants.h; sourceTree = "<group>"; };
		DAA0841F1AABA41D00ABBA68 /* BHLocationManager.h */ = {isa = PBXFileReference; fileEncoding = 4; lastKnownFileType = sourcecode.c.h; path = BHLocationManager.h; sourceTree = "<group>"; };
		DAA084201AABA41D00ABBA68 /* BHLocationManager.m */ = {isa = PBXFileReference; fileEncoding = 4; lastKnownFileType = sourcecode.c.objc; path = BHLocationManager.m; sourceTree = "<group>"; };
		DAA084221AAD39F700ABBA68 /* PrefixHeader.pch */ = {isa = PBXFileReference; lastKnownFileType = sourcecode.c.h; path = PrefixHeader.pch; sourceTree = "<group>"; };
		DAA084231AAD3CC200ABBA68 /* Managers.h */ = {isa = PBXFileReference; lastKnownFileType = sourcecode.c.h; path = Managers.h; sourceTree = "<group>"; };
		DAB3D7FC1AEC860C003DA43A /* BHEasyWayServicesManager.h */ = {isa = PBXFileReference; fileEncoding = 4; lastKnownFileType = sourcecode.c.h; path = BHEasyWayServicesManager.h; sourceTree = "<group>"; };
		DAB3D7FD1AEC860C003DA43A /* BHEasyWayServicesManager.m */ = {isa = PBXFileReference; fileEncoding = 4; lastKnownFileType = sourcecode.c.objc; path = BHEasyWayServicesManager.m; sourceTree = "<group>"; };
		DAC9EEA41B01954500E3B730 /* Avenir Next Demi Bold.ttf */ = {isa = PBXFileReference; lastKnownFileType = file; path = "Avenir Next Demi Bold.ttf"; sourceTree = "<group>"; };
		DAC9EEA51B01954500E3B730 /* Avenir Next Medium.ttf */ = {isa = PBXFileReference; lastKnownFileType = file; path = "Avenir Next Medium.ttf"; sourceTree = "<group>"; };
		DAC9EEA61B01954500E3B730 /* Avenir Next Regular.ttf */ = {isa = PBXFileReference; lastKnownFileType = file; path = "Avenir Next Regular.ttf"; sourceTree = "<group>"; };
		DAC9EEB31B019D9000E3B730 /* BHSecondaryButton.h */ = {isa = PBXFileReference; fileEncoding = 4; lastKnownFileType = sourcecode.c.h; path = BHSecondaryButton.h; sourceTree = "<group>"; };
		DAC9EEB41B019D9000E3B730 /* BHSecondaryButton.m */ = {isa = PBXFileReference; fileEncoding = 4; lastKnownFileType = sourcecode.c.objc; path = BHSecondaryButton.m; sourceTree = "<group>"; };
		DAC9EEB71B01A27500E3B730 /* BHDividerView.h */ = {isa = PBXFileReference; fileEncoding = 4; lastKnownFileType = sourcecode.c.h; path = BHDividerView.h; sourceTree = "<group>"; };
		DAC9EEB81B01A27500E3B730 /* BHDividerView.m */ = {isa = PBXFileReference; fileEncoding = 4; lastKnownFileType = sourcecode.c.objc; path = BHDividerView.m; sourceTree = "<group>"; };
		DACE35C31B17E6920060C486 /* BHMenuTableViewController.h */ = {isa = PBXFileReference; fileEncoding = 4; lastKnownFileType = sourcecode.c.h; path = BHMenuTableViewController.h; sourceTree = "<group>"; };
		DACE35C41B17E6920060C486 /* BHMenuTableViewController.m */ = {isa = PBXFileReference; fileEncoding = 4; lastKnownFileType = sourcecode.c.objc; path = BHMenuTableViewController.m; sourceTree = "<group>"; };
		DACE35C71B17FD580060C486 /* BHWebViewController.h */ = {isa = PBXFileReference; fileEncoding = 4; lastKnownFileType = sourcecode.c.h; path = BHWebViewController.h; sourceTree = "<group>"; };
		DACE35C81B17FD580060C486 /* BHWebViewController.m */ = {isa = PBXFileReference; fileEncoding = 4; lastKnownFileType = sourcecode.c.objc; path = BHWebViewController.m; sourceTree = "<group>"; };
		DACE35C91B17FD580060C486 /* BHWebViewController.xib */ = {isa = PBXFileReference; fileEncoding = 4; lastKnownFileType = file.xib; path = BHWebViewController.xib; sourceTree = "<group>"; };
		DAE41C101AFA39D400A3C1CD /* BHPrimaryButton.h */ = {isa = PBXFileReference; fileEncoding = 4; lastKnownFileType = sourcecode.c.h; path = BHPrimaryButton.h; sourceTree = "<group>"; };
		DAE41C111AFA39D400A3C1CD /* BHPrimaryButton.m */ = {isa = PBXFileReference; fileEncoding = 4; lastKnownFileType = sourcecode.c.objc; path = BHPrimaryButton.m; sourceTree = "<group>"; };
		DAE41C141AFAEB3C00A3C1CD /* BHSplashViewController.h */ = {isa = PBXFileReference; fileEncoding = 4; lastKnownFileType = sourcecode.c.h; path = BHSplashViewController.h; sourceTree = "<group>"; };
		DAE41C151AFAEB3C00A3C1CD /* BHSplashViewController.m */ = {isa = PBXFileReference; fileEncoding = 4; lastKnownFileType = sourcecode.c.objc; path = BHSplashViewController.m; sourceTree = "<group>"; };
		DAE41C1C1AFAEFE000A3C1CD /* UILabel+MBIBnsepectable.h */ = {isa = PBXFileReference; fileEncoding = 4; lastKnownFileType = sourcecode.c.h; path = "UILabel+MBIBnsepectable.h"; sourceTree = "<group>"; };
		DAE41C1D1AFAEFE000A3C1CD /* UILabel+MBIBnsepectable.m */ = {isa = PBXFileReference; fileEncoding = 4; lastKnownFileType = sourcecode.c.objc; path = "UILabel+MBIBnsepectable.m"; sourceTree = "<group>"; };
		DAE41C1E1AFAEFE000A3C1CD /* UIView+MBIBnspectable.h */ = {isa = PBXFileReference; fileEncoding = 4; lastKnownFileType = sourcecode.c.h; path = "UIView+MBIBnspectable.h"; sourceTree = "<group>"; };
		DAE41C1F1AFAEFE000A3C1CD /* UIView+MBIBnspectable.m */ = {isa = PBXFileReference; fileEncoding = 4; lastKnownFileType = sourcecode.c.objc; path = "UIView+MBIBnspectable.m"; sourceTree = "<group>"; };
		DAE41C231AFAF21500A3C1CD /* BHLocationSearchTextField.h */ = {isa = PBXFileReference; fileEncoding = 4; lastKnownFileType = sourcecode.c.h; path = BHLocationSearchTextField.h; sourceTree = "<group>"; };
		DAE41C241AFAF21500A3C1CD /* BHLocationSearchTextField.m */ = {isa = PBXFileReference; fileEncoding = 4; lastKnownFileType = sourcecode.c.objc; path = BHLocationSearchTextField.m; sourceTree = "<group>"; };
		DAEB09A51B127D5800E58B73 /* UIFont+SmallFont.h */ = {isa = PBXFileReference; fileEncoding = 4; lastKnownFileType = sourcecode.c.h; path = "UIFont+SmallFont.h"; sourceTree = "<group>"; };
		DAEB09A61B127D5800E58B73 /* UIFont+SmallFont.m */ = {isa = PBXFileReference; fileEncoding = 4; lastKnownFileType = sourcecode.c.objc; path = "UIFont+SmallFont.m"; sourceTree = "<group>"; };
/* End PBXFileReference section */

/* Begin PBXFrameworksBuildPhase section */
		DA27ED341AA152AA00689F55 /* Frameworks */ = {
			isa = PBXFrameworksBuildPhase;
			buildActionMask = 2147483647;
			files = (
				DA3F0A9A1B0D9B3600464800 /* QuartzCore.framework in Frameworks */,
				DA20ABC11AB12EC70036CAE8 /* libsqlite3.dylib in Frameworks */,
				DA20ABBF1AB12EBC0036CAE8 /* libz.dylib in Frameworks */,
				DA20ABBD1AB12EB00036CAE8 /* SystemConfiguration.framework in Frameworks */,
				DA20ABBB1AB12EA10036CAE8 /* CoreData.framework in Frameworks */,
				DAA084181AAB9FB800ABBA68 /* CoreLocation.framework in Frameworks */,
				DAA084121AAB95D800ABBA68 /* MapKit.framework in Frameworks */,
				DA20ABAF1AB12E530036CAE8 /* libGoogleAnalyticsServices.a in Frameworks */,
			);
			runOnlyForDeploymentPostprocessing = 0;
		};
		DA27ED4D1AA152AA00689F55 /* Frameworks */ = {
			isa = PBXFrameworksBuildPhase;
			buildActionMask = 2147483647;
			files = (
			);
			runOnlyForDeploymentPostprocessing = 0;
		};
/* End PBXFrameworksBuildPhase section */

/* Begin PBXGroup section */
		DA06D3D91AFE7D3D00A66EEB /* Backgrounds */ = {
			isa = PBXGroup;
			children = (
				DA06D3DA1AFE7D5100A66EEB /* BHDrawerBackgroundView.h */,
				DA06D3DB1AFE7D5100A66EEB /* BHDrawerBackgroundView.m */,
				DA06D3DD1AFE802000A66EEB /* BHSearchFieldBackgroundView.h */,
				DA06D3DE1AFE802000A66EEB /* BHSearchFieldBackgroundView.m */,
				DA06D3E61AFE9BF800A66EEB /* BHNavigationBarBackgroundView.h */,
				DA06D3E71AFE9BF800A66EEB /* BHNavigationBarBackgroundView.m */,
			);
			name = Backgrounds;
			sourceTree = "<group>";
		};
		DA06D3EF1AFEEAF600A66EEB /* Favorites */ = {
			isa = PBXGroup;
			children = (
				DA06D3F01AFEEB0B00A66EEB /* BHNoFavoritesViewController.h */,
				DA06D3F11AFEEB0B00A66EEB /* BHNoFavoritesViewController.m */,
			);
			name = Favorites;
			sourceTree = "<group>";
		};
		DA0C9D6C1AB4B51500FEDC35 /* Table View Cell */ = {
			isa = PBXGroup;
			children = (
				DA0C9D6D1AB4B52F00FEDC35 /* BHDeliTableViewCell.h */,
				DA0C9D6E1AB4B52F00FEDC35 /* BHDeliTableViewCell.m */,
			);
			name = "Table View Cell";
			sourceTree = "<group>";
		};
		DA0C9D701AB6265F00FEDC35 /* Details */ = {
			isa = PBXGroup;
			children = (
				DA3F0AAE1B0DA94200464800 /* Satisfaction */,
				DA3F0A851B0D8F0300464800 /* Travel */,
				DA3F0A841B0D8EEA00464800 /* Menu */,
				DA3F0A831B0D8E9400464800 /* Hours */,
				DA0C9D741AB6328000FEDC35 /* BHDeliDetailsTableViewController.h */,
				DA0C9D751AB6328000FEDC35 /* BHDeliDetailsTableViewController.m */,
			);
			name = Details;
			sourceTree = "<group>";
		};
		DA20ABA51AB124A60036CAE8 /* Overlay Tableview */ = {
			isa = PBXGroup;
			children = (
				DA20ABA61AB124BD0036CAE8 /* BHTableView.h */,
				DA20ABA71AB124BD0036CAE8 /* BHTableView.m */,
			);
			name = "Overlay Tableview";
			sourceTree = "<group>";
		};
		DA20ABA91AB12D0B0036CAE8 /* Objects */ = {
			isa = PBXGroup;
			children = (
				DA20ABAA1AB12D370036CAE8 /* BHDeliObject.h */,
				DA20ABAB1AB12D370036CAE8 /* BHDeliObject.m */,
				DA20ABC21AB133DC0036CAE8 /* BHMenuItemObject.h */,
				DA20ABC31AB133DC0036CAE8 /* BHMenuItemObject.m */,
				DA20ABC51AB133ED0036CAE8 /* BHTravelObject.h */,
				DA20ABC61AB133ED0036CAE8 /* BHTravelObject.m */,
				DA06D3EC1AFED0AE00A66EEB /* BHUserObject.h */,
				DA06D3ED1AFED0AE00A66EEB /* BHUserObject.m */,
			);
			name = Objects;
			sourceTree = "<group>";
		};
		DA20ABAD1AB12E3D0036CAE8 /* Google Analytics */ = {
			isa = PBXGroup;
			children = (
				DA20ABB01AB12E620036CAE8 /* GAITracker.h */,
				DA20ABB11AB12E620036CAE8 /* GAITrackedViewController.h */,
				DA20ABB21AB12E620036CAE8 /* GAILogger.h */,
				DA20ABB31AB12E620036CAE8 /* GAIFields.h */,
				DA20ABB41AB12E620036CAE8 /* GAIEcommercePromotion.h */,
				DA20ABB51AB12E620036CAE8 /* GAIEcommerceProductAction.h */,
				DA20ABB61AB12E620036CAE8 /* GAIEcommerceProduct.h */,
				DA20ABB71AB12E620036CAE8 /* GAIEcommerceFields.h */,
				DA20ABB81AB12E620036CAE8 /* GAIDictionaryBuilder.h */,
				DA20ABB91AB12E620036CAE8 /* GAI.h */,
				DA20ABAE1AB12E530036CAE8 /* libGoogleAnalyticsServices.a */,
			);
			name = "Google Analytics";
			sourceTree = "<group>";
		};
		DA27ED2E1AA152AA00689F55 = {
			isa = PBXGroup;
			children = (
				DA20ABC01AB12EC70036CAE8 /* libsqlite3.dylib */,
				DA20ABBE1AB12EBC0036CAE8 /* libz.dylib */,
				DA3F0A991B0D9B3600464800 /* QuartzCore.framework */,
				DA20ABBC1AB12EB00036CAE8 /* SystemConfiguration.framework */,
				DA20ABBA1AB12EA10036CAE8 /* CoreData.framework */,
				DAA084171AAB9FB800ABBA68 /* CoreLocation.framework */,
				DAA084111AAB95D800ABBA68 /* MapKit.framework */,
				DA27ED391AA152AA00689F55 /* DeliGuide */,
				DA27ED531AA152AA00689F55 /* DeliGuideTests */,
				DA27ED381AA152AA00689F55 /* Products */,
			);
			sourceTree = "<group>";
		};
		DA27ED381AA152AA00689F55 /* Products */ = {
			isa = PBXGroup;
			children = (
				DA27ED371AA152AA00689F55 /* DeliGuide.app */,
				DA27ED501AA152AA00689F55 /* DeliGuideTests.xctest */,
			);
			name = Products;
			sourceTree = "<group>";
		};
		DA27ED391AA152AA00689F55 /* DeliGuide */ = {
			isa = PBXGroup;
			children = (
				DAC9EEA21B01953800E3B730 /* Fonts */,
				DA20ABA91AB12D0B0036CAE8 /* Objects */,
				DA9E9A641AA242AA003FE759 /* View Controllers */,
				DA27ED611AA155DD00689F55 /* Utilities */,
				DA27ED601AA155D400689F55 /* Managers */,
				DA27ED3E1AA152AA00689F55 /* AppDelegate.h */,
				DA27ED3F1AA152AA00689F55 /* AppDelegate.m */,
				DA27ED441AA152AA00689F55 /* Main.storyboard */,
				DA27ED471AA152AA00689F55 /* Images.xcassets */,
				DA27ED491AA152AA00689F55 /* LaunchScreen.xib */,
				DA27ED3A1AA152AA00689F55 /* Supporting Files */,
			);
			path = DeliGuide;
			sourceTree = "<group>";
		};
		DA27ED3A1AA152AA00689F55 /* Supporting Files */ = {
			isa = PBXGroup;
			children = (
				DA27ED3B1AA152AA00689F55 /* Info.plist */,
				DA27ED3C1AA152AA00689F55 /* main.m */,
				DAA084221AAD39F700ABBA68 /* PrefixHeader.pch */,
			);
			name = "Supporting Files";
			sourceTree = "<group>";
		};
		DA27ED531AA152AA00689F55 /* DeliGuideTests */ = {
			isa = PBXGroup;
			children = (
				DA27ED561AA152AA00689F55 /* DeliGuideTests.m */,
				DA27ED541AA152AA00689F55 /* Supporting Files */,
			);
			path = DeliGuideTests;
			sourceTree = "<group>";
		};
		DA27ED541AA152AA00689F55 /* Supporting Files */ = {
			isa = PBXGroup;
			children = (
				DA27ED551AA152AA00689F55 /* Info.plist */,
			);
			name = "Supporting Files";
			sourceTree = "<group>";
		};
		DA27ED601AA155D400689F55 /* Managers */ = {
			isa = PBXGroup;
			children = (
				DAA084231AAD3CC200ABBA68 /* Managers.h */,
				DAA0841D1AABA1B200ABBA68 /* Constants.h */,
				DAA0841F1AABA41D00ABBA68 /* BHLocationManager.h */,
				DAA084201AABA41D00ABBA68 /* BHLocationManager.m */,
				DA6DE1D11AB280D700D2FB34 /* BHApplicationManager.h */,
				DA6DE1D21AB280D700D2FB34 /* BHApplicationManager.m */,
				DAB3D7FC1AEC860C003DA43A /* BHEasyWayServicesManager.h */,
				DAB3D7FD1AEC860C003DA43A /* BHEasyWayServicesManager.m */,
				DA9349161B001A480019B8BF /* BHMockDataManager.h */,
				DA9349171B001A480019B8BF /* BHMockDataManager.m */,
			);
			name = Managers;
			sourceTree = "<group>";
		};
		DA27ED611AA155DD00689F55 /* Utilities */ = {
			isa = PBXGroup;
			children = (
				DACE35C61B17FD430060C486 /* Webview */,
				DAEB09A41B127D1B00E58B73 /* Small Fonts */,
				DA3F0AA81B0DA88D00464800 /* Popover */,
				DA3F0A861B0D991100464800 /* SemiModal */,
				DA3F0A7F1B0D782A00464800 /* Details Button */,
				DA6197121B043CB500DC7AE3 /* Keyboard Avoiding */,
				DA61970E1B04326D00DC7AE3 /* Input */,
				DAC9EEB61B01A26800E3B730 /* Divider */,
				DA9349121AFFE2100019B8BF /* SearchBar */,
				DA06D3D91AFE7D3D00A66EEB /* Backgrounds */,
				DAE41C1B1AFAEFD500A3C1CD /* Categories */,
				DAE41C171AFAEBBB00A3C1CD /* Segue */,
				DAE41C0F1AFA39AA00A3C1CD /* Buttons */,
				DA20ABAD1AB12E3D0036CAE8 /* Google Analytics */,
				DA20ABA51AB124A60036CAE8 /* Overlay Tableview */,
				DA27ED621AA155E300689F55 /* Sliding Menu */,
			);
			name = Utilities;
			sourceTree = "<group>";
		};
		DA27ED621AA155E300689F55 /* Sliding Menu */ = {
			isa = PBXGroup;
			children = (
				DA27ED7C1AA15E4500689F55 /* UIViewController+ECSlidingViewController.m */,
				DA27ED7D1AA15E4500689F55 /* UIViewController+ECSlidingViewController.h */,
				DA27ED7E1AA15E4500689F55 /* ECSlidingViewController.m */,
				DA27ED7F1AA15E4500689F55 /* ECSlidingViewController.h */,
				DA27ED801AA15E4500689F55 /* ECSlidingSegue.m */,
				DA27ED811AA15E4500689F55 /* ECSlidingSegue.h */,
				DA27ED821AA15E4500689F55 /* ECSlidingInteractiveTransition.m */,
				DA27ED831AA15E4500689F55 /* ECSlidingInteractiveTransition.h */,
				DA27ED841AA15E4500689F55 /* ECSlidingConstants.h */,
				DA27ED851AA15E4500689F55 /* ECSlidingAnimationController.m */,
				DA27ED861AA15E4500689F55 /* ECSlidingAnimationController.h */,
				DA27ED871AA15E4500689F55 /* ECPercentDrivenInteractiveTransition.m */,
				DA27ED881AA15E4500689F55 /* ECPercentDrivenInteractiveTransition.h */,
			);
			name = "Sliding Menu";
			sourceTree = "<group>";
		};
		DA3F0A7F1B0D782A00464800 /* Details Button */ = {
			isa = PBXGroup;
			children = (
				DA3F0A801B0D784800464800 /* BHDeliDetailDynamicHeaderButton.h */,
				DA3F0A811B0D784800464800 /* BHDeliDetailDynamicHeaderButton.m */,
			);
			name = "Details Button";
			sourceTree = "<group>";
		};
		DA3F0A831B0D8E9400464800 /* Hours */ = {
			isa = PBXGroup;
			children = (
				DA3F0AE71B0EC9FE00464800 /* BHHoursTableViewController.h */,
				DA3F0AE81B0EC9FE00464800 /* BHHoursTableViewController.m */,
			);
			name = Hours;
			sourceTree = "<group>";
		};
		DA3F0A841B0D8EEA00464800 /* Menu */ = {
			isa = PBXGroup;
			children = (
				DACE35C31B17E6920060C486 /* BHMenuTableViewController.h */,
				DACE35C41B17E6920060C486 /* BHMenuTableViewController.m */,
			);
			name = Menu;
			sourceTree = "<group>";
		};
		DA3F0A851B0D8F0300464800 /* Travel */ = {
			isa = PBXGroup;
			children = (
				DA3F0A9D1B0D9EBE00464800 /* Cells */,
				DA3F0A941B0D9AEB00464800 /* BHDeliDetailsTravelTableViewController.h */,
				DA3F0A951B0D9AEB00464800 /* BHDeliDetailsTravelTableViewController.m */,
				DA3F0A961B0D9AEB00464800 /* BHDeliDetailsTravelTableViewController.xib */,
			);
			name = Travel;
			sourceTree = "<group>";
		};
		DA3F0A861B0D991100464800 /* SemiModal */ = {
			isa = PBXGroup;
			children = (
				DA3F0A871B0D992600464800 /* UIViewController+KNSemiModal.h */,
				DA3F0A881B0D992600464800 /* UIViewController+KNSemiModal.m */,
			);
			name = SemiModal;
			sourceTree = "<group>";
		};
		DA3F0A9D1B0D9EBE00464800 /* Cells */ = {
			isa = PBXGroup;
			children = (
				DA3F0A9E1B0D9ED500464800 /* BHTravelSelectionCell.xib */,
				DA3F0AA01B0D9F4D00464800 /* BHTravelSelectionTableViewCell.h */,
				DA3F0AA11B0D9F4D00464800 /* BHTravelSelectionTableViewCell.m */,
			);
			name = Cells;
			sourceTree = "<group>";
		};
		DA3F0AA81B0DA88D00464800 /* Popover */ = {
			isa = PBXGroup;
			children = (
				DA3F0AA91B0DA89C00464800 /* PopoverView_Configuration.h */,
				DA3F0AAA1B0DA89C00464800 /* PopoverView.h */,
				DA3F0AAB1B0DA89C00464800 /* PopoverView.m */,
				DA3F0AAC1B0DA89C00464800 /* PopoverViewCompatibility.h */,
			);
			name = Popover;
			sourceTree = "<group>";
		};
		DA3F0AAE1B0DA94200464800 /* Satisfaction */ = {
			isa = PBXGroup;
			children = (
				DA3F0AB51B0DAE9800464800 /* Dislike */,
				DA3F0AB41B0DAE8300464800 /* Like */,
			);
			name = Satisfaction;
			sourceTree = "<group>";
		};
		DA3F0AB41B0DAE8300464800 /* Like */ = {
			isa = PBXGroup;
			children = (
				DA3F0AAF1B0DA95900464800 /* BHDetailsLikeViewController.h */,
				DA3F0AB01B0DA95900464800 /* BHDetailsLikeViewController.m */,
				DA3F0AB11B0DA95900464800 /* BHDetailsLikeViewController.xib */,
			);
			name = Like;
			sourceTree = "<group>";
		};
		DA3F0AB51B0DAE9800464800 /* Dislike */ = {
			isa = PBXGroup;
			children = (
				DA3F0AC11B0DB0E900464800 /* Cells */,
				DA3F0ABB1B0DAF8F00464800 /* Header */,
				DA3F0AB61B0DAEB900464800 /* BHSatisfactionDislikeTableViewController.h */,
				DA3F0AB71B0DAEB900464800 /* BHSatisfactionDislikeTableViewController.m */,
				DA3F0AB81B0DAEB900464800 /* BHSatisfactionDislikeTableViewController.xib */,
			);
			name = Dislike;
			sourceTree = "<group>";
		};
		DA3F0ABB1B0DAF8F00464800 /* Header */ = {
			isa = PBXGroup;
			children = (
				DA3F0ABC1B0DAFA600464800 /* BHDislikeHeaderViewController.h */,
				DA3F0ABD1B0DAFA600464800 /* BHDislikeHeaderViewController.m */,
				DA3F0ABE1B0DAFA600464800 /* BHDislikeHeaderViewController.xib */,
			);
			name = Header;
			sourceTree = "<group>";
		};
		DA3F0AC11B0DB0E900464800 /* Cells */ = {
			isa = PBXGroup;
			children = (
				DA3F0AC21B0DB0FF00464800 /* BHDislikeCell.xib */,
				DA3F0AC41B0DB13B00464800 /* BHDislikeTableViewCell.h */,
				DA3F0AC51B0DB13B00464800 /* BHDislikeTableViewCell.m */,
			);
			name = Cells;
			sourceTree = "<group>";
		};
		DA436E891AB2673600CE19A4 /* Loading */ = {
			isa = PBXGroup;
			children = (
				DA436E8A1AB2675000CE19A4 /* BHLoadingViewController.h */,
				DA436E8B1AB2675000CE19A4 /* BHLoadingViewController.m */,
			);
			name = Loading;
			sourceTree = "<group>";
		};
		DA61970E1B04326D00DC7AE3 /* Input */ = {
			isa = PBXGroup;
			children = (
				DA61970F1B04329500DC7AE3 /* BHInputTextField.h */,
				DA6197101B04329500DC7AE3 /* BHInputTextField.m */,
			);
			name = Input;
			sourceTree = "<group>";
		};
		DA6197121B043CB500DC7AE3 /* Keyboard Avoiding */ = {
			isa = PBXGroup;
			children = (
				DA6197131B043CD600DC7AE3 /* TPKeyboardAvoidingCollectionView.h */,
				DA6197141B043CD600DC7AE3 /* TPKeyboardAvoidingCollectionView.m */,
				DA6197151B043CD600DC7AE3 /* TPKeyboardAvoidingScrollView.h */,
				DA6197161B043CD600DC7AE3 /* TPKeyboardAvoidingScrollView.m */,
				DA6197171B043CD600DC7AE3 /* TPKeyboardAvoidingTableView.h */,
				DA6197181B043CD600DC7AE3 /* TPKeyboardAvoidingTableView.m */,
				DA6197191B043CD600DC7AE3 /* UIScrollView+TPKeyboardAvoidingAdditions.h */,
				DA61971A1B043CD600DC7AE3 /* UIScrollView+TPKeyboardAvoidingAdditions.m */,
			);
			name = "Keyboard Avoiding";
			sourceTree = "<group>";
		};
		DA6197201B0451EB00DC7AE3 /* Annotation */ = {
			isa = PBXGroup;
			children = (
				DA6197211B04521600DC7AE3 /* BHDeliAnnotation.h */,
				DA6197221B04521600DC7AE3 /* BHDeliAnnotation.m */,
			);
			name = Annotation;
			sourceTree = "<group>";
		};
		DA6AC1C31AD36BC0005337F7 /* Authentication */ = {
			isa = PBXGroup;
			children = (
				DA6AC1C41AD36C00005337F7 /* BHSignInViewController.h */,
				DA6AC1C51AD36C00005337F7 /* BHSignInViewController.m */,
				DA6AC1C71AD36C7C005337F7 /* BHSignUpViewController.h */,
				DA6AC1C81AD36C7C005337F7 /* BHSignUpViewController.m */,
				DA06D3E91AFEC87A00A66EEB /* BHSignUpSuccessViewController.h */,
				DA06D3EA1AFEC87A00A66EEB /* BHSignUpSuccessViewController.m */,
			);
			name = Authentication;
			sourceTree = "<group>";
		};
		DA9349121AFFE2100019B8BF /* SearchBar */ = {
			isa = PBXGroup;
			children = (
				DAE41C231AFAF21500A3C1CD /* BHLocationSearchTextField.h */,
				DAE41C241AFAF21500A3C1CD /* BHLocationSearchTextField.m */,
				DA9349131AFFE2390019B8BF /* BHCustomSearchBar.h */,
				DA9349141AFFE2390019B8BF /* BHCustomSearchBar.m */,
			);
			name = SearchBar;
			sourceTree = "<group>";
		};
		DA9E9A641AA242AA003FE759 /* View Controllers */ = {
			isa = PBXGroup;
			children = (
				DA06D3EF1AFEEAF600A66EEB /* Favorites */,
				DAE41C131AFAEB1A00A3C1CD /* Splash */,
				DA6AC1C31AD36BC0005337F7 /* Authentication */,
				DA0C9D701AB6265F00FEDC35 /* Details */,
				DA436E891AB2673600CE19A4 /* Loading */,
				DAA084131AAB995D00ABBA68 /* Map */,
				DA9E9A651AA242B5003FE759 /* Sliding Menu */,
			);
			name = "View Controllers";
			sourceTree = "<group>";
		};
		DA9E9A651AA242B5003FE759 /* Sliding Menu */ = {
			isa = PBXGroup;
			children = (
				DA27ED411AA152AA00689F55 /* ViewController.h */,
				DA27ED421AA152AA00689F55 /* ViewController.m */,
				DA9E9A661AA242DF003FE759 /* BHSlidingViewController.h */,
				DA9E9A671AA242DF003FE759 /* BHSlidingViewController.m */,
			);
			name = "Sliding Menu";
			sourceTree = "<group>";
		};
		DAA084131AAB995D00ABBA68 /* Map */ = {
			isa = PBXGroup;
			children = (
				DA6197201B0451EB00DC7AE3 /* Annotation */,
				DA0C9D6C1AB4B51500FEDC35 /* Table View Cell */,
				DAA084141AAB99B700ABBA68 /* BHMainMapViewController.h */,
				DAA084151AAB99B700ABBA68 /* BHMainMapViewController.m */,
			);
			name = Map;
			sourceTree = "<group>";
		};
		DAC9EEA21B01953800E3B730 /* Fonts */ = {
			isa = PBXGroup;
			children = (
				DAC9EEA31B01954500E3B730 /* Avenir Next (TTF) */,
				DAC9EEA71B01954500E3B730 /* Sabon (TTF) */,
			);
			name = Fonts;
			sourceTree = "<group>";
		};
		DAC9EEA31B01954500E3B730 /* Avenir Next (TTF) */ = {
			isa = PBXGroup;
			children = (
				DAC9EEA41B01954500E3B730 /* Avenir Next Demi Bold.ttf */,
				DAC9EEA51B01954500E3B730 /* Avenir Next Medium.ttf */,
				DAC9EEA61B01954500E3B730 /* Avenir Next Regular.ttf */,
			);
			path = "Avenir Next (TTF)";
			sourceTree = "<group>";
		};
		DAC9EEA71B01954500E3B730 /* Sabon (TTF) */ = {
			isa = PBXGroup;
			children = (
				DA3F0AF11B127BE400464800 /* SabonLTStd-BoldItalic.otf */,
				DA3F0AF21B127BE400464800 /* SabonLTStd-Italic.otf */,
				DA3F0AEF1B127AF300464800 /* SabonLTStd-Roman.otf */,
			);
			path = "Sabon (TTF)";
			sourceTree = "<group>";
		};
		DAC9EEB61B01A26800E3B730 /* Divider */ = {
			isa = PBXGroup;
			children = (
				DAC9EEB71B01A27500E3B730 /* BHDividerView.h */,
				DAC9EEB81B01A27500E3B730 /* BHDividerView.m */,
			);
			name = Divider;
			sourceTree = "<group>";
		};
		DACE35C61B17FD430060C486 /* Webview */ = {
			isa = PBXGroup;
			children = (
				DACE35C71B17FD580060C486 /* BHWebViewController.h */,
				DACE35C81B17FD580060C486 /* BHWebViewController.m */,
				DACE35C91B17FD580060C486 /* BHWebViewController.xib */,
			);
			name = Webview;
			sourceTree = "<group>";
		};
		DAE41C0F1AFA39AA00A3C1CD /* Buttons */ = {
			isa = PBXGroup;
			children = (
				DAE41C101AFA39D400A3C1CD /* BHPrimaryButton.h */,
				DAE41C111AFA39D400A3C1CD /* BHPrimaryButton.m */,
				DA06D3E31AFE9A1F00A66EEB /* BHFacebookButton.h */,
				DA06D3E41AFE9A1F00A66EEB /* BHFacebookButton.m */,
				DAC9EEB31B019D9000E3B730 /* BHSecondaryButton.h */,
				DAC9EEB41B019D9000E3B730 /* BHSecondaryButton.m */,
			);
			name = Buttons;
			sourceTree = "<group>";
		};
		DAE41C131AFAEB1A00A3C1CD /* Splash */ = {
			isa = PBXGroup;
			children = (
				DAE41C141AFAEB3C00A3C1CD /* BHSplashViewController.h */,
				DAE41C151AFAEB3C00A3C1CD /* BHSplashViewController.m */,
			);
			name = Splash;
			sourceTree = "<group>";
		};
		DAE41C171AFAEBBB00A3C1CD /* Segue */ = {
			isa = PBXGroup;
			children = (
			);
			name = Segue;
			sourceTree = "<group>";
		};
		DAE41C1B1AFAEFD500A3C1CD /* Categories */ = {
			isa = PBXGroup;
			children = (
				DAE41C1C1AFAEFE000A3C1CD /* UILabel+MBIBnsepectable.h */,
				DAE41C1D1AFAEFE000A3C1CD /* UILabel+MBIBnsepectable.m */,
				DAE41C1E1AFAEFE000A3C1CD /* UIView+MBIBnspectable.h */,
				DAE41C1F1AFAEFE000A3C1CD /* UIView+MBIBnspectable.m */,
			);
			name = Categories;
			sourceTree = "<group>";
		};
		DAEB09A41B127D1B00E58B73 /* Small Fonts */ = {
			isa = PBXGroup;
			children = (
				DAEB09A51B127D5800E58B73 /* UIFont+SmallFont.h */,
				DAEB09A61B127D5800E58B73 /* UIFont+SmallFont.m */,
			);
			name = "Small Fonts";
			sourceTree = "<group>";
		};
/* End PBXGroup section */

/* Begin PBXNativeTarget section */
		DA27ED361AA152AA00689F55 /* DeliGuide */ = {
			isa = PBXNativeTarget;
			buildConfigurationList = DA27ED5A1AA152AA00689F55 /* Build configuration list for PBXNativeTarget "DeliGuide" */;
			buildPhases = (
				DA27ED331AA152AA00689F55 /* Sources */,
				DA27ED341AA152AA00689F55 /* Frameworks */,
				DA27ED351AA152AA00689F55 /* Resources */,
			);
			buildRules = (
			);
			dependencies = (
			);
			name = DeliGuide;
			productName = DeliGuide;
			productReference = DA27ED371AA152AA00689F55 /* DeliGuide.app */;
			productType = "com.apple.product-type.application";
		};
		DA27ED4F1AA152AA00689F55 /* DeliGuideTests */ = {
			isa = PBXNativeTarget;
			buildConfigurationList = DA27ED5D1AA152AA00689F55 /* Build configuration list for PBXNativeTarget "DeliGuideTests" */;
			buildPhases = (
				DA27ED4C1AA152AA00689F55 /* Sources */,
				DA27ED4D1AA152AA00689F55 /* Frameworks */,
				DA27ED4E1AA152AA00689F55 /* Resources */,
			);
			buildRules = (
			);
			dependencies = (
				DA27ED521AA152AA00689F55 /* PBXTargetDependency */,
			);
			name = DeliGuideTests;
			productName = DeliGuideTests;
			productReference = DA27ED501AA152AA00689F55 /* DeliGuideTests.xctest */;
			productType = "com.apple.product-type.bundle.unit-test";
		};
/* End PBXNativeTarget section */

/* Begin PBXProject section */
		DA27ED2F1AA152AA00689F55 /* Project object */ = {
			isa = PBXProject;
			attributes = {
				LastUpgradeCheck = 0610;
				ORGANIZATIONNAME = Mode;
				TargetAttributes = {
					DA27ED361AA152AA00689F55 = {
						CreatedOnToolsVersion = 6.1.1;
						DevelopmentTeam = 4H9QYQ35YY;
						SystemCapabilities = {
							com.apple.Maps.iOS = {
								enabled = 1;
							};
						};
					};
					DA27ED4F1AA152AA00689F55 = {
						CreatedOnToolsVersion = 6.1.1;
						TestTargetID = DA27ED361AA152AA00689F55;
					};
				};
			};
			buildConfigurationList = DA27ED321AA152AA00689F55 /* Build configuration list for PBXProject "DeliGuide" */;
			compatibilityVersion = "Xcode 3.2";
			developmentRegion = English;
			hasScannedForEncodings = 0;
			knownRegions = (
				en,
				Base,
			);
			mainGroup = DA27ED2E1AA152AA00689F55;
			productRefGroup = DA27ED381AA152AA00689F55 /* Products */;
			projectDirPath = "";
			projectRoot = "";
			targets = (
				DA27ED361AA152AA00689F55 /* DeliGuide */,
				DA27ED4F1AA152AA00689F55 /* DeliGuideTests */,
			);
		};
/* End PBXProject section */

/* Begin PBXResourcesBuildPhase section */
		DA27ED351AA152AA00689F55 /* Resources */ = {
			isa = PBXResourcesBuildPhase;
			buildActionMask = 2147483647;
			files = (
				DA3F0AB31B0DA95900464800 /* BHDetailsLikeViewController.xib in Resources */,
				DA3F0AC31B0DB0FF00464800 /* BHDislikeCell.xib in Resources */,
				DA3F0AC01B0DAFA600464800 /* BHDislikeHeaderViewController.xib in Resources */,
				DA27ED461AA152AA00689F55 /* Main.storyboard in Resources */,
				DA3F0AF31B127BE400464800 /* SabonLTStd-BoldItalic.otf in Resources */,
				DA3F0AF41B127BE400464800 /* SabonLTStd-Italic.otf in Resources */,
				DA3F0A981B0D9AEB00464800 /* BHDeliDetailsTravelTableViewController.xib in Resources */,
				DAC9EEAE1B01954500E3B730 /* Avenir Next Regular.ttf in Resources */,
				DA3F0AF01B127AF300464800 /* SabonLTStd-Roman.otf in Resources */,
				DAC9EEAD1B01954500E3B730 /* Avenir Next Medium.ttf in Resources */,
				DAC9EEAC1B01954500E3B730 /* Avenir Next Demi Bold.ttf in Resources */,
				DA3F0A9F1B0D9ED500464800 /* BHTravelSelectionCell.xib in Resources */,
				DA27ED4B1AA152AA00689F55 /* LaunchScreen.xib in Resources */,
				DA27ED481AA152AA00689F55 /* Images.xcassets in Resources */,
				DA3F0ABA1B0DAEB900464800 /* BHSatisfactionDislikeTableViewController.xib in Resources */,
				DACE35CB1B17FD580060C486 /* BHWebViewController.xib in Resources */,
			);
			runOnlyForDeploymentPostprocessing = 0;
		};
		DA27ED4E1AA152AA00689F55 /* Resources */ = {
			isa = PBXResourcesBuildPhase;
			buildActionMask = 2147483647;
			files = (
			);
			runOnlyForDeploymentPostprocessing = 0;
		};
/* End PBXResourcesBuildPhase section */

/* Begin PBXSourcesBuildPhase section */
		DA27ED331AA152AA00689F55 /* Sources */ = {
			isa = PBXSourcesBuildPhase;
			buildActionMask = 2147483647;
			files = (
				DA0C9D6F1AB4B52F00FEDC35 /* BHDeliTableViewCell.m in Sources */,
				DAA084211AABA41D00ABBA68 /* BHLocationManager.m in Sources */,
				DA0C9D761AB6328000FEDC35 /* BHDeliDetailsTableViewController.m in Sources */,
				DA3F0AC61B0DB13B00464800 /* BHDislikeTableViewCell.m in Sources */,
				DA27ED431AA152AA00689F55 /* ViewController.m in Sources */,
				DA27ED8A1AA15E4500689F55 /* ECSlidingViewController.m in Sources */,
				DA61971C1B043CD600DC7AE3 /* TPKeyboardAvoidingScrollView.m in Sources */,
				DAE41C201AFAEFE000A3C1CD /* UILabel+MBIBnsepectable.m in Sources */,
				DA3F0AA21B0D9F4D00464800 /* BHTravelSelectionTableViewCell.m in Sources */,
				DA27ED8E1AA15E4500689F55 /* ECPercentDrivenInteractiveTransition.m in Sources */,
				DAE41C251AFAF21500A3C1CD /* BHLocationSearchTextField.m in Sources */,
				DA27ED8B1AA15E4500689F55 /* ECSlidingSegue.m in Sources */,
				DA3F0AE91B0EC9FE00464800 /* BHHoursTableViewController.m in Sources */,
				DA27ED8C1AA15E4500689F55 /* ECSlidingInteractiveTransition.m in Sources */,
				DAA084161AAB99B700ABBA68 /* BHMainMapViewController.m in Sources */,
				DACE35CA1B17FD580060C486 /* BHWebViewController.m in Sources */,
				DA6AC1C61AD36C00005337F7 /* BHSignInViewController.m in Sources */,
				DA27ED401AA152AA00689F55 /* AppDelegate.m in Sources */,
				DA3F0A891B0D992600464800 /* UIViewController+KNSemiModal.m in Sources */,
				DA27ED891AA15E4500689F55 /* UIViewController+ECSlidingViewController.m in Sources */,
				DA9349181B001A480019B8BF /* BHMockDataManager.m in Sources */,
				DAE41C121AFA39D400A3C1CD /* BHPrimaryButton.m in Sources */,
				DA20ABA81AB124BD0036CAE8 /* BHTableView.m in Sources */,
				DA20ABAC1AB12D370036CAE8 /* BHDeliObject.m in Sources */,
				DAC9EEB91B01A27500E3B730 /* BHDividerView.m in Sources */,
				DA61971B1B043CD600DC7AE3 /* TPKeyboardAvoidingCollectionView.m in Sources */,
				DACE35C51B17E6920060C486 /* BHMenuTableViewController.m in Sources */,
				DA61971D1B043CD600DC7AE3 /* TPKeyboardAvoidingTableView.m in Sources */,
				DA06D3EE1AFED0AE00A66EEB /* BHUserObject.m in Sources */,
				DA20ABC41AB133DC0036CAE8 /* BHMenuItemObject.m in Sources */,
				DAC9EEB51B019D9000E3B730 /* BHSecondaryButton.m in Sources */,
				DAEB09A71B127D5800E58B73 /* UIFont+SmallFont.m in Sources */,
				DA9E9A681AA242DF003FE759 /* BHSlidingViewController.m in Sources */,
				DA06D3DC1AFE7D5100A66EEB /* BHDrawerBackgroundView.m in Sources */,
				DA06D3E81AFE9BF800A66EEB /* BHNavigationBarBackgroundView.m in Sources */,
				DA3F0ABF1B0DAFA600464800 /* BHDislikeHeaderViewController.m in Sources */,
				DA06D3E51AFE9A1F00A66EEB /* BHFacebookButton.m in Sources */,
				DA61971E1B043CD600DC7AE3 /* UIScrollView+TPKeyboardAvoidingAdditions.m in Sources */,
				DA3F0AB21B0DA95900464800 /* BHDetailsLikeViewController.m in Sources */,
				DA06D3F21AFEEB0B00A66EEB /* BHNoFavoritesViewController.m in Sources */,
				DA27ED3D1AA152AA00689F55 /* main.m in Sources */,
				DA20ABC71AB133ED0036CAE8 /* BHTravelObject.m in Sources */,
				DA9349151AFFE2390019B8BF /* BHCustomSearchBar.m in Sources */,
				DA3F0AAD1B0DA89C00464800 /* PopoverView.m in Sources */,
				DA6AC1C91AD36C7C005337F7 /* BHSignUpViewController.m in Sources */,
				DA3F0AB91B0DAEB900464800 /* BHSatisfactionDislikeTableViewController.m in Sources */,
				DA3F0A821B0D784800464800 /* BHDeliDetailDynamicHeaderButton.m in Sources */,
				DA06D3DF1AFE802000A66EEB /* BHSearchFieldBackgroundView.m in Sources */,
				DA3F0A971B0D9AEB00464800 /* BHDeliDetailsTravelTableViewController.m in Sources */,
				DAE41C211AFAEFE000A3C1CD /* UIView+MBIBnspectable.m in Sources */,
				DA436E8C1AB2675000CE19A4 /* BHLoadingViewController.m in Sources */,
				DAE41C161AFAEB3C00A3C1CD /* BHSplashViewController.m in Sources */,
				DA6197231B04521600DC7AE3 /* BHDeliAnnotation.m in Sources */,
				DAB3D7FE1AEC860C003DA43A /* BHEasyWayServicesManager.m in Sources */,
				DA6197111B04329500DC7AE3 /* BHInputTextField.m in Sources */,
				DA6DE1D31AB280D700D2FB34 /* BHApplicationManager.m in Sources */,
				DA06D3EB1AFEC87A00A66EEB /* BHSignUpSuccessViewController.m in Sources */,
				DA27ED8D1AA15E4500689F55 /* ECSlidingAnimationController.m in Sources */,
			);
			runOnlyForDeploymentPostprocessing = 0;
		};
		DA27ED4C1AA152AA00689F55 /* Sources */ = {
			isa = PBXSourcesBuildPhase;
			buildActionMask = 2147483647;
			files = (
				DA27ED571AA152AA00689F55 /* DeliGuideTests.m in Sources */,
			);
			runOnlyForDeploymentPostprocessing = 0;
		};
/* End PBXSourcesBuildPhase section */

/* Begin PBXTargetDependency section */
		DA27ED521AA152AA00689F55 /* PBXTargetDependency */ = {
			isa = PBXTargetDependency;
			target = DA27ED361AA152AA00689F55 /* DeliGuide */;
			targetProxy = DA27ED511AA152AA00689F55 /* PBXContainerItemProxy */;
		};
/* End PBXTargetDependency section */

/* Begin PBXVariantGroup section */
		DA27ED441AA152AA00689F55 /* Main.storyboard */ = {
			isa = PBXVariantGroup;
			children = (
				DA27ED451AA152AA00689F55 /* Base */,
			);
			name = Main.storyboard;
			sourceTree = "<group>";
		};
		DA27ED491AA152AA00689F55 /* LaunchScreen.xib */ = {
			isa = PBXVariantGroup;
			children = (
				DA27ED4A1AA152AA00689F55 /* Base */,
			);
			name = LaunchScreen.xib;
			sourceTree = "<group>";
		};
/* End PBXVariantGroup section */

/* Begin XCBuildConfiguration section */
		DA27ED581AA152AA00689F55 /* Debug */ = {
			isa = XCBuildConfiguration;
			buildSettings = {
				ALWAYS_SEARCH_USER_PATHS = NO;
				CLANG_CXX_LANGUAGE_STANDARD = "gnu++0x";
				CLANG_CXX_LIBRARY = "libc++";
				CLANG_ENABLE_MODULES = YES;
				CLANG_ENABLE_OBJC_ARC = YES;
				CLANG_WARN_BOOL_CONVERSION = YES;
				CLANG_WARN_CONSTANT_CONVERSION = YES;
				CLANG_WARN_DIRECT_OBJC_ISA_USAGE = YES_ERROR;
				CLANG_WARN_EMPTY_BODY = YES;
				CLANG_WARN_ENUM_CONVERSION = YES;
				CLANG_WARN_INT_CONVERSION = YES;
				CLANG_WARN_OBJC_ROOT_CLASS = YES_ERROR;
				CLANG_WARN_UNREACHABLE_CODE = YES;
				CLANG_WARN__DUPLICATE_METHOD_MATCH = YES;
				"CODE_SIGN_IDENTITY[sdk=iphoneos*]" = "iPhone Developer";
				COPY_PHASE_STRIP = NO;
				ENABLE_STRICT_OBJC_MSGSEND = YES;
				GCC_C_LANGUAGE_STANDARD = gnu99;
				GCC_DYNAMIC_NO_PIC = NO;
				GCC_OPTIMIZATION_LEVEL = 0;
				GCC_PREPROCESSOR_DEFINITIONS = (
					"DEBUG=1",
					"$(inherited)",
				);
				GCC_SYMBOLS_PRIVATE_EXTERN = NO;
				GCC_WARN_64_TO_32_BIT_CONVERSION = YES;
				GCC_WARN_ABOUT_RETURN_TYPE = YES_ERROR;
				GCC_WARN_UNDECLARED_SELECTOR = YES;
				GCC_WARN_UNINITIALIZED_AUTOS = YES_AGGRESSIVE;
				GCC_WARN_UNUSED_FUNCTION = YES;
				GCC_WARN_UNUSED_VARIABLE = YES;
				IPHONEOS_DEPLOYMENT_TARGET = 8.1;
				MTL_ENABLE_DEBUG_INFO = YES;
				ONLY_ACTIVE_ARCH = YES;
				SDKROOT = iphoneos;
			};
			name = Debug;
		};
		DA27ED591AA152AA00689F55 /* Release */ = {
			isa = XCBuildConfiguration;
			buildSettings = {
				ALWAYS_SEARCH_USER_PATHS = NO;
				CLANG_CXX_LANGUAGE_STANDARD = "gnu++0x";
				CLANG_CXX_LIBRARY = "libc++";
				CLANG_ENABLE_MODULES = YES;
				CLANG_ENABLE_OBJC_ARC = YES;
				CLANG_WARN_BOOL_CONVERSION = YES;
				CLANG_WARN_CONSTANT_CONVERSION = YES;
				CLANG_WARN_DIRECT_OBJC_ISA_USAGE = YES_ERROR;
				CLANG_WARN_EMPTY_BODY = YES;
				CLANG_WARN_ENUM_CONVERSION = YES;
				CLANG_WARN_INT_CONVERSION = YES;
				CLANG_WARN_OBJC_ROOT_CLASS = YES_ERROR;
				CLANG_WARN_UNREACHABLE_CODE = YES;
				CLANG_WARN__DUPLICATE_METHOD_MATCH = YES;
				"CODE_SIGN_IDENTITY[sdk=iphoneos*]" = "iPhone Developer";
				COPY_PHASE_STRIP = YES;
				ENABLE_NS_ASSERTIONS = NO;
				ENABLE_STRICT_OBJC_MSGSEND = YES;
				GCC_C_LANGUAGE_STANDARD = gnu99;
				GCC_WARN_64_TO_32_BIT_CONVERSION = YES;
				GCC_WARN_ABOUT_RETURN_TYPE = YES_ERROR;
				GCC_WARN_UNDECLARED_SELECTOR = YES;
				GCC_WARN_UNINITIALIZED_AUTOS = YES_AGGRESSIVE;
				GCC_WARN_UNUSED_FUNCTION = YES;
				GCC_WARN_UNUSED_VARIABLE = YES;
				IPHONEOS_DEPLOYMENT_TARGET = 8.1;
				MTL_ENABLE_DEBUG_INFO = NO;
				SDKROOT = iphoneos;
				VALIDATE_PRODUCT = YES;
			};
			name = Release;
		};
		DA27ED5B1AA152AA00689F55 /* Debug */ = {
			isa = XCBuildConfiguration;
			buildSettings = {
				ASSETCATALOG_COMPILER_APPICON_NAME = AppIcon;
				ASSETCATALOG_COMPILER_LAUNCHIMAGE_NAME = LaunchImage;
				CODE_SIGN_IDENTITY = "iPhone Developer";
				GCC_PREFIX_HEADER = DeliGuide/PrefixHeader.pch;
				INFOPLIST_FILE = DeliGuide/Info.plist;
				IPHONEOS_DEPLOYMENT_TARGET = 7.0;
				LD_RUNPATH_SEARCH_PATHS = "$(inherited) @executable_path/Frameworks";
				LIBRARY_SEARCH_PATHS = (
					"$(inherited)",
					"$(PROJECT_DIR)/DeliGuide",
				);
				PRODUCT_NAME = "$(TARGET_NAME)";
			};
			name = Debug;
		};
		DA27ED5C1AA152AA00689F55 /* Release */ = {
			isa = XCBuildConfiguration;
			buildSettings = {
				ASSETCATALOG_COMPILER_APPICON_NAME = AppIcon;
				ASSETCATALOG_COMPILER_LAUNCHIMAGE_NAME = LaunchImage;
				CODE_SIGN_IDENTITY = "iPhone Developer";
				GCC_PREFIX_HEADER = DeliGuide/PrefixHeader.pch;
				INFOPLIST_FILE = DeliGuide/Info.plist;
				IPHONEOS_DEPLOYMENT_TARGET = 7.0;
				LD_RUNPATH_SEARCH_PATHS = "$(inherited) @executable_path/Frameworks";
				LIBRARY_SEARCH_PATHS = (
					"$(inherited)",
					"$(PROJECT_DIR)/DeliGuide",
				);
				PRODUCT_NAME = "$(TARGET_NAME)";
			};
			name = Release;
		};
		DA27ED5E1AA152AA00689F55 /* Debug */ = {
			isa = XCBuildConfiguration;
			buildSettings = {
				BUNDLE_LOADER = "$(TEST_HOST)";
				FRAMEWORK_SEARCH_PATHS = (
					"$(SDKROOT)/Developer/Library/Frameworks",
					"$(inherited)",
				);
				GCC_PREPROCESSOR_DEFINITIONS = (
					"DEBUG=1",
					"$(inherited)",
				);
				INFOPLIST_FILE = DeliGuideTests/Info.plist;
				LD_RUNPATH_SEARCH_PATHS = "$(inherited) @executable_path/Frameworks @loader_path/Frameworks";
				PRODUCT_NAME = "$(TARGET_NAME)";
				TEST_HOST = "$(BUILT_PRODUCTS_DIR)/DeliGuide.app/DeliGuide";
			};
			name = Debug;
		};
		DA27ED5F1AA152AA00689F55 /* Release */ = {
			isa = XCBuildConfiguration;
			buildSettings = {
				BUNDLE_LOADER = "$(TEST_HOST)";
				FRAMEWORK_SEARCH_PATHS = (
					"$(SDKROOT)/Developer/Library/Frameworks",
					"$(inherited)",
				);
				INFOPLIST_FILE = DeliGuideTests/Info.plist;
				LD_RUNPATH_SEARCH_PATHS = "$(inherited) @executable_path/Frameworks @loader_path/Frameworks";
				PRODUCT_NAME = "$(TARGET_NAME)";
				TEST_HOST = "$(BUILT_PRODUCTS_DIR)/DeliGuide.app/DeliGuide";
			};
			name = Release;
		};
/* End XCBuildConfiguration section */

/* Begin XCConfigurationList section */
		DA27ED321AA152AA00689F55 /* Build configuration list for PBXProject "DeliGuide" */ = {
			isa = XCConfigurationList;
			buildConfigurations = (
				DA27ED581AA152AA00689F55 /* Debug */,
				DA27ED591AA152AA00689F55 /* Release */,
			);
			defaultConfigurationIsVisible = 0;
			defaultConfigurationName = Release;
		};
		DA27ED5A1AA152AA00689F55 /* Build configuration list for PBXNativeTarget "DeliGuide" */ = {
			isa = XCConfigurationList;
			buildConfigurations = (
				DA27ED5B1AA152AA00689F55 /* Debug */,
				DA27ED5C1AA152AA00689F55 /* Release */,
			);
			defaultConfigurationIsVisible = 0;
			defaultConfigurationName = Release;
		};
		DA27ED5D1AA152AA00689F55 /* Build configuration list for PBXNativeTarget "DeliGuideTests" */ = {
			isa = XCConfigurationList;
			buildConfigurations = (
				DA27ED5E1AA152AA00689F55 /* Debug */,
				DA27ED5F1AA152AA00689F55 /* Release */,
			);
			defaultConfigurationIsVisible = 0;
			defaultConfigurationName = Release;
		};
/* End XCConfigurationList section */
	};
	rootObject = DA27ED2F1AA152AA00689F55 /* Project object */;
}
